
Microsoft Visual Studio Solution File, Format Version 12.00
# Visual Studio 2013
VisualStudioVersion = 12.0.30110.0
MinimumVisualStudioVersion = 10.0.40219.1
Project("{FAE04EC0-301F-11D3-BF4B-00C04F79EFBC}") = "01.TreeOperations", "01.TreeOperations\01.TreeOperations.csproj", "{E5C6F80E-5566-49F3-B4ED-93AF623836BE}"
EndProject
Project("{FAE04EC0-301F-11D3-BF4B-00C04F79EFBC}") = "02.TraverseDirectory", "02.TraverseDirectory\02.TraverseDirectory.csproj", "{20972271-AAE7-4D34-A161-B36694595FD0}"
EndProject
Project("{FAE04EC0-301F-11D3-BF4B-00C04F79EFBC}") = "03.FilesystemTree", "03.FilesystemTree\03.FilesystemTree.csproj", "{E6DDF20B-28FD-4EEC-B94B-940C75D4A669}"
EndProject
Global
	GlobalSection(SolutionConfigurationPlatforms) = preSolution
		Debug|Any CPU = Debug|Any CPU
		Release|Any CPU = Release|Any CPU
	EndGlobalSection
	GlobalSection(ProjectConfigurationPlatforms) = postSolution
		{E5C6F80E-5566-49F3-B4ED-93AF623836BE}.Debug|Any CPU.ActiveCfg = Debug|Any CPU
		{E5C6F80E-5566-49F3-B4ED-93AF623836BE}.Debug|Any CPU.Build.0 = Debug|Any CPU
		{E5C6F80E-5566-49F3-B4ED-93AF623836BE}.Release|Any CPU.ActiveCfg = Release|Any CPU
		{E5C6F80E-5566-49F3-B4ED-93AF623836BE}.Release|Any CPU.Build.0 = Release|Any CPU
		{20972271-AAE7-4D34-A161-B36694595FD0}.Debug|Any CPU.ActiveCfg = Debug|Any CPU
		{20972271-AAE7-4D34-A161-B36694595FD0}.Debug|Any CPU.Build.0 = Debug|Any CPU
		{20972271-AAE7-4D34-A161-B36694595FD0}.Release|Any CPU.ActiveCfg = Release|Any CPU
		{20972271-AAE7-4D34-A161-B36694595FD0}.Release|Any CPU.Build.0 = Release|Any CPU
		{E6DDF20B-28FD-4EEC-B94B-940C75D4A669}.Debug|Any CPU.ActiveCfg = Debug|Any CPU
		{E6DDF20B-28FD-4EEC-B94B-940C75D4A669}.Debug|Any CPU.Build.0 = Debug|Any CPU
		{E6DDF20B-28FD-4EEC-B94B-940C75D4A669}.Release|Any CPU.ActiveCfg = Release|Any CPU
		{E6DDF20B-28FD-4EEC-B94B-940C75D4A669}.Release|Any CPU.Build.0 = Release|Any CPU
	EndGlobalSection
	GlobalSection(SolutionProperties) = preSolution
		HideSolutionNode = FALSE
	EndGlobalSection
EndGlobal
