
Microsoft Visual Studio Solution File, Format Version 12.00
# Visual Studio 2013
VisualStudioVersion = 12.0.21005.1
MinimumVisualStudioVersion = 10.0.40219.1
Project("{FAE04EC0-301F-11D3-BF4B-00C04F79EFBC}") = "00.MainMenu", "00.MainMenu\00.MainMenu.csproj", "{596FB0E1-9992-4B36-8D89-EFBA7BD2D85E}"
EndProject
Project("{FAE04EC0-301F-11D3-BF4B-00C04F79EFBC}") = "01.PrintArray", "01.PrintArray\01.PrintArray.csproj", "{5334F770-CC97-411A-B4F3-FB174F30C2C9}"
EndProject
Project("{FAE04EC0-301F-11D3-BF4B-00C04F79EFBC}") = "02.EqualArrays", "02.EqualArrays\02.EqualArrays.csproj", "{95E5EE8A-348C-42A5-B3A3-93B77DA1AF32}"
EndProject
Project("{FAE04EC0-301F-11D3-BF4B-00C04F79EFBC}") = "03.CompareCharArrays", "03.CompareCharArrays\03.CompareCharArrays.csproj", "{D3903CD1-CFB6-41B6-A6B6-4D08FD4B8C67}"
EndProject
Project("{FAE04EC0-301F-11D3-BF4B-00C04F79EFBC}") = "04.MaxSeqOfConsElements", "04.MaxSeqOfConsElements\04.MaxSeqOfConsElements.csproj", "{291C9F2D-4D59-4FE8-84BF-A27A3001EB07}"
EndProject
Project("{FAE04EC0-301F-11D3-BF4B-00C04F79EFBC}") = "05.MaxIncreasingSeq", "05.MaxIncreasingSeq\05.MaxIncreasingSeq.csproj", "{8B976696-CC6A-435F-96D5-44D11FEC2884}"
EndProject
Project("{FAE04EC0-301F-11D3-BF4B-00C04F79EFBC}") = "06.MaxSumOfElements", "06.MaxSumOfElements\06.MaxSumOfElements.csproj", "{DEEFBD4D-BE3C-4B6B-BF77-CB9ED28E2344}"
EndProject
Project("{FAE04EC0-301F-11D3-BF4B-00C04F79EFBC}") = "07.SelectionSort", "07.SelectionSort\07.SelectionSort.csproj", "{6B02F991-D933-4699-9C16-E7AC3B641193}"
EndProject
Project("{FAE04EC0-301F-11D3-BF4B-00C04F79EFBC}") = "08.MaxSumOfSeq", "08.MaxSumOfSeq\08.MaxSumOfSeq.csproj", "{483F9139-9CB1-45AB-837B-46F736D45F87}"
EndProject
Project("{FAE04EC0-301F-11D3-BF4B-00C04F79EFBC}") = "09.MostFrequentNumber", "09.MostFrequentNumber\09.MostFrequentNumber.csproj", "{F397CDCF-1E0C-49A6-BB33-70F6170ACAD9}"
EndProject
Project("{FAE04EC0-301F-11D3-BF4B-00C04F79EFBC}") = "10.FindSumInArray", "10.FindSumInArray\10.FindSumInArray.csproj", "{753A1FC9-418A-4372-A941-35A08A957CEC}"
EndProject
Project("{FAE04EC0-301F-11D3-BF4B-00C04F79EFBC}") = "11.BinarySearch", "11.BinarySearch\11.BinarySearch.csproj", "{005EE2BD-6BFE-4FB3-808E-1C9F3491C38F}"
EndProject
Project("{FAE04EC0-301F-11D3-BF4B-00C04F79EFBC}") = "12.ArrayOfLetters", "12.ArrayOfLetters\12.ArrayOfLetters.csproj", "{162073DE-D18E-4076-ABFE-70C7FB63F279}"
EndProject
Project("{FAE04EC0-301F-11D3-BF4B-00C04F79EFBC}") = "13.MergeSortAlgorithm", "13.MergeSort\13.MergeSortAlgorithm.csproj", "{D0A0A868-A8DE-4FA8-9CC0-017D0D7D4D68}"
EndProject
Project("{FAE04EC0-301F-11D3-BF4B-00C04F79EFBC}") = "14.QuickSortAlgorithm", "14.QuickSortAlgorithm\14.QuickSortAlgorithm.csproj", "{10CD61D4-92B0-4AD1-9612-B5EA172552E0}"
EndProject
Project("{FAE04EC0-301F-11D3-BF4B-00C04F79EFBC}") = "16.CheckSubsetSum", "16.CheckSubsetSum\16.CheckSubsetSum.csproj", "{3804D783-6C7C-488B-B151-CF00B2BD64F4}"
EndProject
Project("{FAE04EC0-301F-11D3-BF4B-00C04F79EFBC}") = "17.CheckSpecificSubsetSum", "17.CheckSpecificSubsetSum\17.CheckSpecificSubsetSum.csproj", "{3DF90B81-8BBD-4B80-935C-E3D51EB86B72}"
EndProject
Project("{FAE04EC0-301F-11D3-BF4B-00C04F79EFBC}") = "18.SortByRemoving", "18.SortByRemoving\18.SortByRemoving.csproj", "{E34A7017-5BE3-4362-BBF3-88F7D0FECC63}"
EndProject
Project("{FAE04EC0-301F-11D3-BF4B-00C04F79EFBC}") = "15.SieveOfEratosthenesAlgorithm", "15.SieveOfEratosthenesAlgorithm\15.SieveOfEratosthenesAlgorithm.csproj", "{92B21ADA-A91F-46BE-949D-5B387E52E318}"
EndProject
Project("{FAE04EC0-301F-11D3-BF4B-00C04F79EFBC}") = "19.PrintAllPermutations", "19.PrintAllPermutations\19.PrintAllPermutations.csproj", "{CF7D305B-A886-40E3-9ED9-A21AD05E0FE3}"
EndProject
Project("{FAE04EC0-301F-11D3-BF4B-00C04F79EFBC}") = "20.PrintAllVariations", "20.PrintAllVariations\20.PrintAllVariations.csproj", "{94A4FEED-1AB0-4216-AE51-62749FCABEA5}"
EndProject
Project("{FAE04EC0-301F-11D3-BF4B-00C04F79EFBC}") = "21.PrintAllCombinations", "21.PrintAllCombinations\21.PrintAllCombinations.csproj", "{933770A1-F3CC-456C-AA75-47910CE0FC1C}"
EndProject
Global
	GlobalSection(SolutionConfigurationPlatforms) = preSolution
		Debug|Any CPU = Debug|Any CPU
		Release|Any CPU = Release|Any CPU
	EndGlobalSection
	GlobalSection(ProjectConfigurationPlatforms) = postSolution
		{596FB0E1-9992-4B36-8D89-EFBA7BD2D85E}.Debug|Any CPU.ActiveCfg = Debug|Any CPU
		{596FB0E1-9992-4B36-8D89-EFBA7BD2D85E}.Debug|Any CPU.Build.0 = Debug|Any CPU
		{596FB0E1-9992-4B36-8D89-EFBA7BD2D85E}.Release|Any CPU.ActiveCfg = Release|Any CPU
		{596FB0E1-9992-4B36-8D89-EFBA7BD2D85E}.Release|Any CPU.Build.0 = Release|Any CPU
		{5334F770-CC97-411A-B4F3-FB174F30C2C9}.Debug|Any CPU.ActiveCfg = Debug|Any CPU
		{5334F770-CC97-411A-B4F3-FB174F30C2C9}.Debug|Any CPU.Build.0 = Debug|Any CPU
		{5334F770-CC97-411A-B4F3-FB174F30C2C9}.Release|Any CPU.ActiveCfg = Release|Any CPU
		{5334F770-CC97-411A-B4F3-FB174F30C2C9}.Release|Any CPU.Build.0 = Release|Any CPU
		{95E5EE8A-348C-42A5-B3A3-93B77DA1AF32}.Debug|Any CPU.ActiveCfg = Debug|Any CPU
		{95E5EE8A-348C-42A5-B3A3-93B77DA1AF32}.Debug|Any CPU.Build.0 = Debug|Any CPU
		{95E5EE8A-348C-42A5-B3A3-93B77DA1AF32}.Release|Any CPU.ActiveCfg = Release|Any CPU
		{95E5EE8A-348C-42A5-B3A3-93B77DA1AF32}.Release|Any CPU.Build.0 = Release|Any CPU
		{D3903CD1-CFB6-41B6-A6B6-4D08FD4B8C67}.Debug|Any CPU.ActiveCfg = Debug|Any CPU
		{D3903CD1-CFB6-41B6-A6B6-4D08FD4B8C67}.Debug|Any CPU.Build.0 = Debug|Any CPU
		{D3903CD1-CFB6-41B6-A6B6-4D08FD4B8C67}.Release|Any CPU.ActiveCfg = Release|Any CPU
		{D3903CD1-CFB6-41B6-A6B6-4D08FD4B8C67}.Release|Any CPU.Build.0 = Release|Any CPU
		{291C9F2D-4D59-4FE8-84BF-A27A3001EB07}.Debug|Any CPU.ActiveCfg = Debug|Any CPU
		{291C9F2D-4D59-4FE8-84BF-A27A3001EB07}.Debug|Any CPU.Build.0 = Debug|Any CPU
		{291C9F2D-4D59-4FE8-84BF-A27A3001EB07}.Release|Any CPU.ActiveCfg = Release|Any CPU
		{291C9F2D-4D59-4FE8-84BF-A27A3001EB07}.Release|Any CPU.Build.0 = Release|Any CPU
		{8B976696-CC6A-435F-96D5-44D11FEC2884}.Debug|Any CPU.ActiveCfg = Debug|Any CPU
		{8B976696-CC6A-435F-96D5-44D11FEC2884}.Debug|Any CPU.Build.0 = Debug|Any CPU
		{8B976696-CC6A-435F-96D5-44D11FEC2884}.Release|Any CPU.ActiveCfg = Release|Any CPU
		{8B976696-CC6A-435F-96D5-44D11FEC2884}.Release|Any CPU.Build.0 = Release|Any CPU
		{DEEFBD4D-BE3C-4B6B-BF77-CB9ED28E2344}.Debug|Any CPU.ActiveCfg = Debug|Any CPU
		{DEEFBD4D-BE3C-4B6B-BF77-CB9ED28E2344}.Debug|Any CPU.Build.0 = Debug|Any CPU
		{DEEFBD4D-BE3C-4B6B-BF77-CB9ED28E2344}.Release|Any CPU.ActiveCfg = Release|Any CPU
		{DEEFBD4D-BE3C-4B6B-BF77-CB9ED28E2344}.Release|Any CPU.Build.0 = Release|Any CPU
		{6B02F991-D933-4699-9C16-E7AC3B641193}.Debug|Any CPU.ActiveCfg = Debug|Any CPU
		{6B02F991-D933-4699-9C16-E7AC3B641193}.Debug|Any CPU.Build.0 = Debug|Any CPU
		{6B02F991-D933-4699-9C16-E7AC3B641193}.Release|Any CPU.ActiveCfg = Release|Any CPU
		{6B02F991-D933-4699-9C16-E7AC3B641193}.Release|Any CPU.Build.0 = Release|Any CPU
		{483F9139-9CB1-45AB-837B-46F736D45F87}.Debug|Any CPU.ActiveCfg = Debug|Any CPU
		{483F9139-9CB1-45AB-837B-46F736D45F87}.Debug|Any CPU.Build.0 = Debug|Any CPU
		{483F9139-9CB1-45AB-837B-46F736D45F87}.Release|Any CPU.ActiveCfg = Release|Any CPU
		{483F9139-9CB1-45AB-837B-46F736D45F87}.Release|Any CPU.Build.0 = Release|Any CPU
		{F397CDCF-1E0C-49A6-BB33-70F6170ACAD9}.Debug|Any CPU.ActiveCfg = Debug|Any CPU
		{F397CDCF-1E0C-49A6-BB33-70F6170ACAD9}.Debug|Any CPU.Build.0 = Debug|Any CPU
		{F397CDCF-1E0C-49A6-BB33-70F6170ACAD9}.Release|Any CPU.ActiveCfg = Release|Any CPU
		{F397CDCF-1E0C-49A6-BB33-70F6170ACAD9}.Release|Any CPU.Build.0 = Release|Any CPU
		{753A1FC9-418A-4372-A941-35A08A957CEC}.Debug|Any CPU.ActiveCfg = Debug|Any CPU
		{753A1FC9-418A-4372-A941-35A08A957CEC}.Debug|Any CPU.Build.0 = Debug|Any CPU
		{753A1FC9-418A-4372-A941-35A08A957CEC}.Release|Any CPU.ActiveCfg = Release|Any CPU
		{753A1FC9-418A-4372-A941-35A08A957CEC}.Release|Any CPU.Build.0 = Release|Any CPU
		{005EE2BD-6BFE-4FB3-808E-1C9F3491C38F}.Debug|Any CPU.ActiveCfg = Debug|Any CPU
		{005EE2BD-6BFE-4FB3-808E-1C9F3491C38F}.Debug|Any CPU.Build.0 = Debug|Any CPU
		{005EE2BD-6BFE-4FB3-808E-1C9F3491C38F}.Release|Any CPU.ActiveCfg = Release|Any CPU
		{005EE2BD-6BFE-4FB3-808E-1C9F3491C38F}.Release|Any CPU.Build.0 = Release|Any CPU
		{162073DE-D18E-4076-ABFE-70C7FB63F279}.Debug|Any CPU.ActiveCfg = Debug|Any CPU
		{162073DE-D18E-4076-ABFE-70C7FB63F279}.Debug|Any CPU.Build.0 = Debug|Any CPU
		{162073DE-D18E-4076-ABFE-70C7FB63F279}.Release|Any CPU.ActiveCfg = Release|Any CPU
		{162073DE-D18E-4076-ABFE-70C7FB63F279}.Release|Any CPU.Build.0 = Release|Any CPU
		{D0A0A868-A8DE-4FA8-9CC0-017D0D7D4D68}.Debug|Any CPU.ActiveCfg = Debug|Any CPU
		{D0A0A868-A8DE-4FA8-9CC0-017D0D7D4D68}.Debug|Any CPU.Build.0 = Debug|Any CPU
		{D0A0A868-A8DE-4FA8-9CC0-017D0D7D4D68}.Release|Any CPU.ActiveCfg = Release|Any CPU
		{D0A0A868-A8DE-4FA8-9CC0-017D0D7D4D68}.Release|Any CPU.Build.0 = Release|Any CPU
		{10CD61D4-92B0-4AD1-9612-B5EA172552E0}.Debug|Any CPU.ActiveCfg = Debug|Any CPU
		{10CD61D4-92B0-4AD1-9612-B5EA172552E0}.Debug|Any CPU.Build.0 = Debug|Any CPU
		{10CD61D4-92B0-4AD1-9612-B5EA172552E0}.Release|Any CPU.ActiveCfg = Release|Any CPU
		{10CD61D4-92B0-4AD1-9612-B5EA172552E0}.Release|Any CPU.Build.0 = Release|Any CPU
		{3804D783-6C7C-488B-B151-CF00B2BD64F4}.Debug|Any CPU.ActiveCfg = Debug|Any CPU
		{3804D783-6C7C-488B-B151-CF00B2BD64F4}.Debug|Any CPU.Build.0 = Debug|Any CPU
		{3804D783-6C7C-488B-B151-CF00B2BD64F4}.Release|Any CPU.ActiveCfg = Release|Any CPU
		{3804D783-6C7C-488B-B151-CF00B2BD64F4}.Release|Any CPU.Build.0 = Release|Any CPU
		{3DF90B81-8BBD-4B80-935C-E3D51EB86B72}.Debug|Any CPU.ActiveCfg = Debug|Any CPU
		{3DF90B81-8BBD-4B80-935C-E3D51EB86B72}.Debug|Any CPU.Build.0 = Debug|Any CPU
		{3DF90B81-8BBD-4B80-935C-E3D51EB86B72}.Release|Any CPU.ActiveCfg = Release|Any CPU
		{3DF90B81-8BBD-4B80-935C-E3D51EB86B72}.Release|Any CPU.Build.0 = Release|Any CPU
		{E34A7017-5BE3-4362-BBF3-88F7D0FECC63}.Debug|Any CPU.ActiveCfg = Debug|Any CPU
		{E34A7017-5BE3-4362-BBF3-88F7D0FECC63}.Debug|Any CPU.Build.0 = Debug|Any CPU
		{E34A7017-5BE3-4362-BBF3-88F7D0FECC63}.Release|Any CPU.ActiveCfg = Release|Any CPU
		{E34A7017-5BE3-4362-BBF3-88F7D0FECC63}.Release|Any CPU.Build.0 = Release|Any CPU
		{92B21ADA-A91F-46BE-949D-5B387E52E318}.Debug|Any CPU.ActiveCfg = Debug|Any CPU
		{92B21ADA-A91F-46BE-949D-5B387E52E318}.Debug|Any CPU.Build.0 = Debug|Any CPU
		{92B21ADA-A91F-46BE-949D-5B387E52E318}.Release|Any CPU.ActiveCfg = Release|Any CPU
		{92B21ADA-A91F-46BE-949D-5B387E52E318}.Release|Any CPU.Build.0 = Release|Any CPU
		{CF7D305B-A886-40E3-9ED9-A21AD05E0FE3}.Debug|Any CPU.ActiveCfg = Debug|Any CPU
		{CF7D305B-A886-40E3-9ED9-A21AD05E0FE3}.Debug|Any CPU.Build.0 = Debug|Any CPU
		{CF7D305B-A886-40E3-9ED9-A21AD05E0FE3}.Release|Any CPU.ActiveCfg = Release|Any CPU
		{CF7D305B-A886-40E3-9ED9-A21AD05E0FE3}.Release|Any CPU.Build.0 = Release|Any CPU
		{94A4FEED-1AB0-4216-AE51-62749FCABEA5}.Debug|Any CPU.ActiveCfg = Debug|Any CPU
		{94A4FEED-1AB0-4216-AE51-62749FCABEA5}.Debug|Any CPU.Build.0 = Debug|Any CPU
		{94A4FEED-1AB0-4216-AE51-62749FCABEA5}.Release|Any CPU.ActiveCfg = Release|Any CPU
		{94A4FEED-1AB0-4216-AE51-62749FCABEA5}.Release|Any CPU.Build.0 = Release|Any CPU
		{933770A1-F3CC-456C-AA75-47910CE0FC1C}.Debug|Any CPU.ActiveCfg = Debug|Any CPU
		{933770A1-F3CC-456C-AA75-47910CE0FC1C}.Debug|Any CPU.Build.0 = Debug|Any CPU
		{933770A1-F3CC-456C-AA75-47910CE0FC1C}.Release|Any CPU.ActiveCfg = Release|Any CPU
		{933770A1-F3CC-456C-AA75-47910CE0FC1C}.Release|Any CPU.Build.0 = Release|Any CPU
	EndGlobalSection
	GlobalSection(SolutionProperties) = preSolution
		HideSolutionNode = FALSE
	EndGlobalSection
EndGlobal
