
Microsoft Visual Studio Solution File, Format Version 12.00
# Visual Studio 2012
Project("{FAE04EC0-301F-11D3-BF4B-00C04F79EFBC}") = "14. SpiralMatrix", "SpiralMatrix\14. SpiralMatrix.csproj", "{C7035517-3634-4BD6-9B50-1B4BC18AA4B4}"
EndProject
Project("{FAE04EC0-301F-11D3-BF4B-00C04F79EFBC}") = "01. PrintsANumbers", "PrintsANumbers\01. PrintsANumbers.csproj", "{A511772B-FC8C-46A6-A3DC-984160F72574}"
EndProject
Project("{FAE04EC0-301F-11D3-BF4B-00C04F79EFBC}") = "02. PrintsSpecialNumbers", "PrintsSpecialNumbers\02. PrintsSpecialNumbers.csproj", "{9CDCE7CD-D721-42C7-BA38-B1B6A185654B}"
EndProject
Project("{FAE04EC0-301F-11D3-BF4B-00C04F79EFBC}") = "03. MinAndMaxOfSequence", "MinAndMaxOfSequence\03. MinAndMaxOfSequence.csproj", "{E6D49602-C67C-4437-AAFE-40E17DFA5B76}"
EndProject
Project("{FAE04EC0-301F-11D3-BF4B-00C04F79EFBC}") = "04. FactorialDivision", "FactorialDivision\04. FactorialDivision.csproj", "{2EA93617-48A4-4DD7-A39E-846FE319192C}"
EndProject
Project("{FAE04EC0-301F-11D3-BF4B-00C04F79EFBC}") = "05. FactorialDivision2", "FactorialDivision2\05. FactorialDivision2.csproj", "{E867F980-8BB8-4D33-BB24-4700084BED52}"
EndProject
Project("{FAE04EC0-301F-11D3-BF4B-00C04F79EFBC}") = "06. SumOfSequence", "SumOfSequence\06. SumOfSequence.csproj", "{0551ACA5-7D98-4471-8E47-B8D00971F619}"
EndProject
Project("{FAE04EC0-301F-11D3-BF4B-00C04F79EFBC}") = "07. SequenceOfFibonacci", "SequenceOfFibonacci\07. SequenceOfFibonacci.csproj", "{2461ECAB-10D5-4CC7-85A0-F2AF43D7E0D4}"
EndProject
Project("{FAE04EC0-301F-11D3-BF4B-00C04F79EFBC}") = "08. GreatestCommonDivisor", "GreatestCommonDivisor\08. GreatestCommonDivisor.csproj", "{5B97E9C7-CFF3-4F5E-BB23-F1CE58DACD57}"
EndProject
Project("{FAE04EC0-301F-11D3-BF4B-00C04F79EFBC}") = "09-10. CatalanNumbers", "CatalanNumbers\09-10. CatalanNumbers.csproj", "{7EEBF5E8-8B11-439B-8FDB-1DCC232BD716}"
EndProject
Project("{FAE04EC0-301F-11D3-BF4B-00C04F79EFBC}") = "11. CardNames", "CardNames\11. CardNames.csproj", "{13D36396-2038-4EB4-97BB-AF4F83A20FD6}"
EndProject
Project("{FAE04EC0-301F-11D3-BF4B-00C04F79EFBC}") = "12. MatrixOfNumbers", "MatrixOfNumbers\12. MatrixOfNumbers.csproj", "{12089C6B-4214-4ED2-9D51-16E3ABAC98C6}"
EndProject
Project("{FAE04EC0-301F-11D3-BF4B-00C04F79EFBC}") = "13. CountsAZeros", "CountsAZeros\13. CountsAZeros.csproj", "{C146F85C-6961-487B-A74C-6EF845DAFC05}"
EndProject
Project("{FAE04EC0-301F-11D3-BF4B-00C04F79EFBC}") = "AllInOne", "AllInOne\AllInOne.csproj", "{5B760C9C-0A97-443A-9BE4-905F4EE8B3F8}"
EndProject
Global
	GlobalSection(SolutionConfigurationPlatforms) = preSolution
		Debug|Any CPU = Debug|Any CPU
		Release|Any CPU = Release|Any CPU
	EndGlobalSection
	GlobalSection(ProjectConfigurationPlatforms) = postSolution
		{C7035517-3634-4BD6-9B50-1B4BC18AA4B4}.Debug|Any CPU.ActiveCfg = Debug|Any CPU
		{C7035517-3634-4BD6-9B50-1B4BC18AA4B4}.Debug|Any CPU.Build.0 = Debug|Any CPU
		{C7035517-3634-4BD6-9B50-1B4BC18AA4B4}.Release|Any CPU.ActiveCfg = Release|Any CPU
		{C7035517-3634-4BD6-9B50-1B4BC18AA4B4}.Release|Any CPU.Build.0 = Release|Any CPU
		{A511772B-FC8C-46A6-A3DC-984160F72574}.Debug|Any CPU.ActiveCfg = Debug|Any CPU
		{A511772B-FC8C-46A6-A3DC-984160F72574}.Debug|Any CPU.Build.0 = Debug|Any CPU
		{A511772B-FC8C-46A6-A3DC-984160F72574}.Release|Any CPU.ActiveCfg = Release|Any CPU
		{A511772B-FC8C-46A6-A3DC-984160F72574}.Release|Any CPU.Build.0 = Release|Any CPU
		{9CDCE7CD-D721-42C7-BA38-B1B6A185654B}.Debug|Any CPU.ActiveCfg = Debug|Any CPU
		{9CDCE7CD-D721-42C7-BA38-B1B6A185654B}.Debug|Any CPU.Build.0 = Debug|Any CPU
		{9CDCE7CD-D721-42C7-BA38-B1B6A185654B}.Release|Any CPU.ActiveCfg = Release|Any CPU
		{9CDCE7CD-D721-42C7-BA38-B1B6A185654B}.Release|Any CPU.Build.0 = Release|Any CPU
		{E6D49602-C67C-4437-AAFE-40E17DFA5B76}.Debug|Any CPU.ActiveCfg = Debug|Any CPU
		{E6D49602-C67C-4437-AAFE-40E17DFA5B76}.Debug|Any CPU.Build.0 = Debug|Any CPU
		{E6D49602-C67C-4437-AAFE-40E17DFA5B76}.Release|Any CPU.ActiveCfg = Release|Any CPU
		{E6D49602-C67C-4437-AAFE-40E17DFA5B76}.Release|Any CPU.Build.0 = Release|Any CPU
		{2EA93617-48A4-4DD7-A39E-846FE319192C}.Debug|Any CPU.ActiveCfg = Debug|Any CPU
		{2EA93617-48A4-4DD7-A39E-846FE319192C}.Debug|Any CPU.Build.0 = Debug|Any CPU
		{2EA93617-48A4-4DD7-A39E-846FE319192C}.Release|Any CPU.ActiveCfg = Release|Any CPU
		{2EA93617-48A4-4DD7-A39E-846FE319192C}.Release|Any CPU.Build.0 = Release|Any CPU
		{E867F980-8BB8-4D33-BB24-4700084BED52}.Debug|Any CPU.ActiveCfg = Debug|Any CPU
		{E867F980-8BB8-4D33-BB24-4700084BED52}.Debug|Any CPU.Build.0 = Debug|Any CPU
		{E867F980-8BB8-4D33-BB24-4700084BED52}.Release|Any CPU.ActiveCfg = Release|Any CPU
		{E867F980-8BB8-4D33-BB24-4700084BED52}.Release|Any CPU.Build.0 = Release|Any CPU
		{0551ACA5-7D98-4471-8E47-B8D00971F619}.Debug|Any CPU.ActiveCfg = Debug|Any CPU
		{0551ACA5-7D98-4471-8E47-B8D00971F619}.Debug|Any CPU.Build.0 = Debug|Any CPU
		{0551ACA5-7D98-4471-8E47-B8D00971F619}.Release|Any CPU.ActiveCfg = Release|Any CPU
		{0551ACA5-7D98-4471-8E47-B8D00971F619}.Release|Any CPU.Build.0 = Release|Any CPU
		{2461ECAB-10D5-4CC7-85A0-F2AF43D7E0D4}.Debug|Any CPU.ActiveCfg = Debug|Any CPU
		{2461ECAB-10D5-4CC7-85A0-F2AF43D7E0D4}.Debug|Any CPU.Build.0 = Debug|Any CPU
		{2461ECAB-10D5-4CC7-85A0-F2AF43D7E0D4}.Release|Any CPU.ActiveCfg = Release|Any CPU
		{2461ECAB-10D5-4CC7-85A0-F2AF43D7E0D4}.Release|Any CPU.Build.0 = Release|Any CPU
		{5B97E9C7-CFF3-4F5E-BB23-F1CE58DACD57}.Debug|Any CPU.ActiveCfg = Debug|Any CPU
		{5B97E9C7-CFF3-4F5E-BB23-F1CE58DACD57}.Debug|Any CPU.Build.0 = Debug|Any CPU
		{5B97E9C7-CFF3-4F5E-BB23-F1CE58DACD57}.Release|Any CPU.ActiveCfg = Release|Any CPU
		{5B97E9C7-CFF3-4F5E-BB23-F1CE58DACD57}.Release|Any CPU.Build.0 = Release|Any CPU
		{7EEBF5E8-8B11-439B-8FDB-1DCC232BD716}.Debug|Any CPU.ActiveCfg = Debug|Any CPU
		{7EEBF5E8-8B11-439B-8FDB-1DCC232BD716}.Debug|Any CPU.Build.0 = Debug|Any CPU
		{7EEBF5E8-8B11-439B-8FDB-1DCC232BD716}.Release|Any CPU.ActiveCfg = Release|Any CPU
		{7EEBF5E8-8B11-439B-8FDB-1DCC232BD716}.Release|Any CPU.Build.0 = Release|Any CPU
		{13D36396-2038-4EB4-97BB-AF4F83A20FD6}.Debug|Any CPU.ActiveCfg = Debug|Any CPU
		{13D36396-2038-4EB4-97BB-AF4F83A20FD6}.Debug|Any CPU.Build.0 = Debug|Any CPU
		{13D36396-2038-4EB4-97BB-AF4F83A20FD6}.Release|Any CPU.ActiveCfg = Release|Any CPU
		{13D36396-2038-4EB4-97BB-AF4F83A20FD6}.Release|Any CPU.Build.0 = Release|Any CPU
		{12089C6B-4214-4ED2-9D51-16E3ABAC98C6}.Debug|Any CPU.ActiveCfg = Debug|Any CPU
		{12089C6B-4214-4ED2-9D51-16E3ABAC98C6}.Debug|Any CPU.Build.0 = Debug|Any CPU
		{12089C6B-4214-4ED2-9D51-16E3ABAC98C6}.Release|Any CPU.ActiveCfg = Release|Any CPU
		{12089C6B-4214-4ED2-9D51-16E3ABAC98C6}.Release|Any CPU.Build.0 = Release|Any CPU
		{C146F85C-6961-487B-A74C-6EF845DAFC05}.Debug|Any CPU.ActiveCfg = Debug|Any CPU
		{C146F85C-6961-487B-A74C-6EF845DAFC05}.Debug|Any CPU.Build.0 = Debug|Any CPU
		{C146F85C-6961-487B-A74C-6EF845DAFC05}.Release|Any CPU.ActiveCfg = Release|Any CPU
		{C146F85C-6961-487B-A74C-6EF845DAFC05}.Release|Any CPU.Build.0 = Release|Any CPU
		{5B760C9C-0A97-443A-9BE4-905F4EE8B3F8}.Debug|Any CPU.ActiveCfg = Debug|Any CPU
		{5B760C9C-0A97-443A-9BE4-905F4EE8B3F8}.Debug|Any CPU.Build.0 = Debug|Any CPU
		{5B760C9C-0A97-443A-9BE4-905F4EE8B3F8}.Release|Any CPU.ActiveCfg = Release|Any CPU
		{5B760C9C-0A97-443A-9BE4-905F4EE8B3F8}.Release|Any CPU.Build.0 = Release|Any CPU
	EndGlobalSection
	GlobalSection(SolutionProperties) = preSolution
		HideSolutionNode = FALSE
	EndGlobalSection
EndGlobal
