
Microsoft Visual Studio Solution File, Format Version 12.00
# Visual Studio 2013
VisualStudioVersion = 12.0.30110.0
MinimumVisualStudioVersion = 10.0.40219.1
Project("{FAE04EC0-301F-11D3-BF4B-00C04F79EFBC}") = "Bank.Common", "Bank.Common\Bank.Common.csproj", "{F10275D3-3B56-44DD-AC2C-32041AAE8EEA}"
EndProject
Project("{FAE04EC0-301F-11D3-BF4B-00C04F79EFBC}") = "BankTest", "BankTest\BankTest.csproj", "{A8870A51-3BB5-4E8A-B5CD-C14E1E5C6E02}"
EndProject
Project("{2150E333-8FDC-42A3-9474-1A3956D46DE8}") = "Solution Items", "Solution Items", "{B57E0170-03E5-40BE-836A-6E7F9F6D4F46}"
	ProjectSection(SolutionItems) = preProject
		TaskDescription.txt = TaskDescription.txt
	EndProjectSection
EndProject
Global
	GlobalSection(SolutionConfigurationPlatforms) = preSolution
		Debug|Any CPU = Debug|Any CPU
		Release|Any CPU = Release|Any CPU
	EndGlobalSection
	GlobalSection(ProjectConfigurationPlatforms) = postSolution
		{F10275D3-3B56-44DD-AC2C-32041AAE8EEA}.Debug|Any CPU.ActiveCfg = Debug|Any CPU
		{F10275D3-3B56-44DD-AC2C-32041AAE8EEA}.Debug|Any CPU.Build.0 = Debug|Any CPU
		{F10275D3-3B56-44DD-AC2C-32041AAE8EEA}.Release|Any CPU.ActiveCfg = Release|Any CPU
		{F10275D3-3B56-44DD-AC2C-32041AAE8EEA}.Release|Any CPU.Build.0 = Release|Any CPU
		{A8870A51-3BB5-4E8A-B5CD-C14E1E5C6E02}.Debug|Any CPU.ActiveCfg = Debug|Any CPU
		{A8870A51-3BB5-4E8A-B5CD-C14E1E5C6E02}.Debug|Any CPU.Build.0 = Debug|Any CPU
		{A8870A51-3BB5-4E8A-B5CD-C14E1E5C6E02}.Release|Any CPU.ActiveCfg = Release|Any CPU
		{A8870A51-3BB5-4E8A-B5CD-C14E1E5C6E02}.Release|Any CPU.Build.0 = Release|Any CPU
	EndGlobalSection
	GlobalSection(SolutionProperties) = preSolution
		HideSolutionNode = FALSE
	EndGlobalSection
EndGlobal
