
Microsoft Visual Studio Solution File, Format Version 12.00
# Visual Studio 2013
VisualStudioVersion = 12.0.21005.1
MinimumVisualStudioVersion = 10.0.40219.1
Project("{FAE04EC0-301F-11D3-BF4B-00C04F79EFBC}") = "01.ReadNums", "01.ReadNums\01.ReadNums.csproj", "{90ED96AD-C3A0-42C6-AFE6-C89EE32186C5}"
EndProject
Project("{FAE04EC0-301F-11D3-BF4B-00C04F79EFBC}") = "02.PrintCirclePS", "02.PrintCirclePS\02.PrintCirclePS.csproj", "{EBA2B631-2C05-44EA-B9A8-D7AAEEF96AEF}"
EndProject
Project("{FAE04EC0-301F-11D3-BF4B-00C04F79EFBC}") = "03.CompanyData", "03.CompanyData\03.CompanyData.csproj", "{957C8BA3-12E7-4003-8937-44034BB9EF9E}"
EndProject
Project("{FAE04EC0-301F-11D3-BF4B-00C04F79EFBC}") = "04.NumsInIntervalDivisibleBy5", "04.NumsInIntervalDivisibleBy5\04.NumsInIntervalDivisibleBy5.csproj", "{BBE13673-BB17-426B-B101-DB5DA4393C0B}"
EndProject
Project("{FAE04EC0-301F-11D3-BF4B-00C04F79EFBC}") = "05.PrintGreaterNum", "05.PrintGreaterNum\05.PrintGreaterNum.csproj", "{8A8257FD-5791-4172-824D-A47A93F08206}"
EndProject
Project("{FAE04EC0-301F-11D3-BF4B-00C04F79EFBC}") = "06.QuadraticEquation", "06.QuadraticEquation\06.QuadraticEquation.csproj", "{CC738F5B-6E11-46E4-86E8-7AF307D5F24D}"
EndProject
Project("{FAE04EC0-301F-11D3-BF4B-00C04F79EFBC}") = "07.SumOfNumbers", "07.SumOfNumbers\07.SumOfNumbers.csproj", "{BCD09973-FB4E-4B08-9B3B-230BAC8A7739}"
EndProject
Project("{FAE04EC0-301F-11D3-BF4B-00C04F79EFBC}") = "08.PrintNumbers", "08.PrintNumbers\08.PrintNumbers.csproj", "{8F8C2F7F-6BA8-4FFC-9D2B-A43A5DBF6652}"
EndProject
Project("{FAE04EC0-301F-11D3-BF4B-00C04F79EFBC}") = "09.PrintFibonacci", "09.PrintFibonacci\09.PrintFibonacci.csproj", "{BA809494-4CCE-44FA-AF4E-11E213036B13}"
EndProject
Project("{FAE04EC0-301F-11D3-BF4B-00C04F79EFBC}") = "10.CalculateSum", "10.CalculateSum\10.CalculateSum.csproj", "{AC7EAD19-F0B7-44CA-9844-B11F6492580F}"
EndProject
Global
	GlobalSection(SolutionConfigurationPlatforms) = preSolution
		Debug|Any CPU = Debug|Any CPU
		Release|Any CPU = Release|Any CPU
	EndGlobalSection
	GlobalSection(ProjectConfigurationPlatforms) = postSolution
		{90ED96AD-C3A0-42C6-AFE6-C89EE32186C5}.Debug|Any CPU.ActiveCfg = Debug|Any CPU
		{90ED96AD-C3A0-42C6-AFE6-C89EE32186C5}.Debug|Any CPU.Build.0 = Debug|Any CPU
		{90ED96AD-C3A0-42C6-AFE6-C89EE32186C5}.Release|Any CPU.ActiveCfg = Release|Any CPU
		{90ED96AD-C3A0-42C6-AFE6-C89EE32186C5}.Release|Any CPU.Build.0 = Release|Any CPU
		{EBA2B631-2C05-44EA-B9A8-D7AAEEF96AEF}.Debug|Any CPU.ActiveCfg = Debug|Any CPU
		{EBA2B631-2C05-44EA-B9A8-D7AAEEF96AEF}.Debug|Any CPU.Build.0 = Debug|Any CPU
		{EBA2B631-2C05-44EA-B9A8-D7AAEEF96AEF}.Release|Any CPU.ActiveCfg = Release|Any CPU
		{EBA2B631-2C05-44EA-B9A8-D7AAEEF96AEF}.Release|Any CPU.Build.0 = Release|Any CPU
		{957C8BA3-12E7-4003-8937-44034BB9EF9E}.Debug|Any CPU.ActiveCfg = Debug|Any CPU
		{957C8BA3-12E7-4003-8937-44034BB9EF9E}.Debug|Any CPU.Build.0 = Debug|Any CPU
		{957C8BA3-12E7-4003-8937-44034BB9EF9E}.Release|Any CPU.ActiveCfg = Release|Any CPU
		{957C8BA3-12E7-4003-8937-44034BB9EF9E}.Release|Any CPU.Build.0 = Release|Any CPU
		{BBE13673-BB17-426B-B101-DB5DA4393C0B}.Debug|Any CPU.ActiveCfg = Debug|Any CPU
		{BBE13673-BB17-426B-B101-DB5DA4393C0B}.Debug|Any CPU.Build.0 = Debug|Any CPU
		{BBE13673-BB17-426B-B101-DB5DA4393C0B}.Release|Any CPU.ActiveCfg = Release|Any CPU
		{BBE13673-BB17-426B-B101-DB5DA4393C0B}.Release|Any CPU.Build.0 = Release|Any CPU
		{8A8257FD-5791-4172-824D-A47A93F08206}.Debug|Any CPU.ActiveCfg = Debug|Any CPU
		{8A8257FD-5791-4172-824D-A47A93F08206}.Debug|Any CPU.Build.0 = Debug|Any CPU
		{8A8257FD-5791-4172-824D-A47A93F08206}.Release|Any CPU.ActiveCfg = Release|Any CPU
		{8A8257FD-5791-4172-824D-A47A93F08206}.Release|Any CPU.Build.0 = Release|Any CPU
		{CC738F5B-6E11-46E4-86E8-7AF307D5F24D}.Debug|Any CPU.ActiveCfg = Debug|Any CPU
		{CC738F5B-6E11-46E4-86E8-7AF307D5F24D}.Debug|Any CPU.Build.0 = Debug|Any CPU
		{CC738F5B-6E11-46E4-86E8-7AF307D5F24D}.Release|Any CPU.ActiveCfg = Release|Any CPU
		{CC738F5B-6E11-46E4-86E8-7AF307D5F24D}.Release|Any CPU.Build.0 = Release|Any CPU
		{BCD09973-FB4E-4B08-9B3B-230BAC8A7739}.Debug|Any CPU.ActiveCfg = Debug|Any CPU
		{BCD09973-FB4E-4B08-9B3B-230BAC8A7739}.Debug|Any CPU.Build.0 = Debug|Any CPU
		{BCD09973-FB4E-4B08-9B3B-230BAC8A7739}.Release|Any CPU.ActiveCfg = Release|Any CPU
		{BCD09973-FB4E-4B08-9B3B-230BAC8A7739}.Release|Any CPU.Build.0 = Release|Any CPU
		{8F8C2F7F-6BA8-4FFC-9D2B-A43A5DBF6652}.Debug|Any CPU.ActiveCfg = Debug|Any CPU
		{8F8C2F7F-6BA8-4FFC-9D2B-A43A5DBF6652}.Debug|Any CPU.Build.0 = Debug|Any CPU
		{8F8C2F7F-6BA8-4FFC-9D2B-A43A5DBF6652}.Release|Any CPU.ActiveCfg = Release|Any CPU
		{8F8C2F7F-6BA8-4FFC-9D2B-A43A5DBF6652}.Release|Any CPU.Build.0 = Release|Any CPU
		{BA809494-4CCE-44FA-AF4E-11E213036B13}.Debug|Any CPU.ActiveCfg = Debug|Any CPU
		{BA809494-4CCE-44FA-AF4E-11E213036B13}.Debug|Any CPU.Build.0 = Debug|Any CPU
		{BA809494-4CCE-44FA-AF4E-11E213036B13}.Release|Any CPU.ActiveCfg = Release|Any CPU
		{BA809494-4CCE-44FA-AF4E-11E213036B13}.Release|Any CPU.Build.0 = Release|Any CPU
		{AC7EAD19-F0B7-44CA-9844-B11F6492580F}.Debug|Any CPU.ActiveCfg = Debug|Any CPU
		{AC7EAD19-F0B7-44CA-9844-B11F6492580F}.Debug|Any CPU.Build.0 = Debug|Any CPU
		{AC7EAD19-F0B7-44CA-9844-B11F6492580F}.Release|Any CPU.ActiveCfg = Release|Any CPU
		{AC7EAD19-F0B7-44CA-9844-B11F6492580F}.Release|Any CPU.Build.0 = Release|Any CPU
	EndGlobalSection
	GlobalSection(SolutionProperties) = preSolution
		HideSolutionNode = FALSE
	EndGlobalSection
EndGlobal
