
Microsoft Visual Studio Solution File, Format Version 12.00
# Visual Studio 2013
VisualStudioVersion = 12.0.30110.0
MinimumVisualStudioVersion = 10.0.40219.1
Project("{FAE04EC0-301F-11D3-BF4B-00C04F79EFBC}") = "School.Common", "SchoolHierarchy.Common\School.Common.csproj", "{38CB1B3B-16B7-4AF5-A7D8-460478E1588E}"
EndProject
Project("{FAE04EC0-301F-11D3-BF4B-00C04F79EFBC}") = "School.UI", "School.UI\School.UI.csproj", "{A70935CB-9E58-4CB8-8375-4F5230BD9F7E}"
EndProject
Project("{FAE04EC0-301F-11D3-BF4B-00C04F79EFBC}") = "School.Tests", "School.Tests\School.Tests.csproj", "{8A5CA6F8-081B-410C-B985-CCBD7C3F90EE}"
EndProject
Global
	GlobalSection(SolutionConfigurationPlatforms) = preSolution
		Debug|Any CPU = Debug|Any CPU
		Release|Any CPU = Release|Any CPU
	EndGlobalSection
	GlobalSection(ProjectConfigurationPlatforms) = postSolution
		{38CB1B3B-16B7-4AF5-A7D8-460478E1588E}.Debug|Any CPU.ActiveCfg = Debug|Any CPU
		{38CB1B3B-16B7-4AF5-A7D8-460478E1588E}.Debug|Any CPU.Build.0 = Debug|Any CPU
		{38CB1B3B-16B7-4AF5-A7D8-460478E1588E}.Release|Any CPU.ActiveCfg = Release|Any CPU
		{38CB1B3B-16B7-4AF5-A7D8-460478E1588E}.Release|Any CPU.Build.0 = Release|Any CPU
		{A70935CB-9E58-4CB8-8375-4F5230BD9F7E}.Debug|Any CPU.ActiveCfg = Debug|Any CPU
		{A70935CB-9E58-4CB8-8375-4F5230BD9F7E}.Debug|Any CPU.Build.0 = Debug|Any CPU
		{A70935CB-9E58-4CB8-8375-4F5230BD9F7E}.Release|Any CPU.ActiveCfg = Release|Any CPU
		{A70935CB-9E58-4CB8-8375-4F5230BD9F7E}.Release|Any CPU.Build.0 = Release|Any CPU
		{8A5CA6F8-081B-410C-B985-CCBD7C3F90EE}.Debug|Any CPU.ActiveCfg = Debug|Any CPU
		{8A5CA6F8-081B-410C-B985-CCBD7C3F90EE}.Debug|Any CPU.Build.0 = Debug|Any CPU
		{8A5CA6F8-081B-410C-B985-CCBD7C3F90EE}.Release|Any CPU.ActiveCfg = Release|Any CPU
		{8A5CA6F8-081B-410C-B985-CCBD7C3F90EE}.Release|Any CPU.Build.0 = Release|Any CPU
	EndGlobalSection
	GlobalSection(SolutionProperties) = preSolution
		HideSolutionNode = FALSE
	EndGlobalSection
EndGlobal
