
Microsoft Visual Studio Solution File, Format Version 12.00
# Visual Studio 2013
VisualStudioVersion = 12.0.30110.0
MinimumVisualStudioVersion = 10.0.40219.1
Project("{FAE04EC0-301F-11D3-BF4B-00C04F79EFBC}") = "01.SumAndAverage", "01.SumOfSequence\01.SumAndAverage.csproj", "{B97C7018-2721-4FC7-8B70-3D5C57A1ECDE}"
EndProject
Project("{FAE04EC0-301F-11D3-BF4B-00C04F79EFBC}") = "02.ReverseOrder", "02.ReverseOrder\02.ReverseOrder.csproj", "{B44B7F0E-88B0-4353-AD9B-9DD8DF524825}"
EndProject
Project("{FAE04EC0-301F-11D3-BF4B-00C04F79EFBC}") = "03.SortInIncreasingOrder", "03.SortInIncreasingOrder\03.SortInIncreasingOrder.csproj", "{987BDEA1-3678-47C0-A755-B1B2DD0E5876}"
EndProject
Project("{FAE04EC0-301F-11D3-BF4B-00C04F79EFBC}") = "04.LongestSubsequence", "04.LongestSubsequence\04.LongestSubsequence.csproj", "{A239DD78-1BE3-41A5-A31C-8013B85F8CC9}"
EndProject
Project("{FAE04EC0-301F-11D3-BF4B-00C04F79EFBC}") = "05.RemoveNegativeNumbers", "05.RemoveNegativeNumbers\05.RemoveNegativeNumbers.csproj", "{333AAACF-63DA-47CA-B01E-9236C8359947}"
EndProject
Project("{FAE04EC0-301F-11D3-BF4B-00C04F79EFBC}") = "06.RemoveOddOccurances", "06.RemoveOddNumberOfOccurances\06.RemoveOddOccurances.csproj", "{A877EB7C-961A-483A-8497-C1BFEBE956CC}"
EndProject
Project("{FAE04EC0-301F-11D3-BF4B-00C04F79EFBC}") = "07.CountOccurances", "07.CountOccurances\07.CountOccurances.csproj", "{65E7A1DA-D0BF-4A08-8EB6-3F50DE07B03D}"
EndProject
Project("{FAE04EC0-301F-11D3-BF4B-00C04F79EFBC}") = "08.FindMajorityElement", "08.FindMajorityElement\08.FindMajorityElement.csproj", "{7B6116BE-7272-4C52-B7D9-3A2F8E13CD90}"
EndProject
Project("{FAE04EC0-301F-11D3-BF4B-00C04F79EFBC}") = "09.QueueSequence", "09.QueueSequence\09.QueueSequence.csproj", "{D49238EC-4D1F-4ACD-86E3-FD11B046BAE3}"
EndProject
Project("{FAE04EC0-301F-11D3-BF4B-00C04F79EFBC}") = "10.ShortestSequenceOfOperations", "10.ShortestSequenceOfOperations\10.ShortestSequenceOfOperations.csproj", "{0DD0834A-C15E-48E9-8946-E82582CBA7D4}"
EndProject
Project("{FAE04EC0-301F-11D3-BF4B-00C04F79EFBC}") = "11.LinkedListImplementation", "11.LinkedListImplementation\11.LinkedListImplementation.csproj", "{49D788EB-2CED-4B62-AA29-57D1A148207D}"
EndProject
Project("{FAE04EC0-301F-11D3-BF4B-00C04F79EFBC}") = "12.StackImplementation", "12.StackImplementation\12.StackImplementation.csproj", "{243E871E-5986-4AEC-B164-56B28C44F5E2}"
EndProject
Project("{FAE04EC0-301F-11D3-BF4B-00C04F79EFBC}") = "13.QueueImplementation", "13.QueueImplementation\13.QueueImplementation.csproj", "{20883293-CCA2-4274-895A-4EB8CCE9F28A}"
EndProject
Project("{FAE04EC0-301F-11D3-BF4B-00C04F79EFBC}") = "14.LabyrinthPaths", "14.LabyrinthPaths\14.LabyrinthPaths.csproj", "{8D7358F1-97C7-426A-9A1A-80728354DFA1}"
EndProject
Global
	GlobalSection(SolutionConfigurationPlatforms) = preSolution
		Debug|Any CPU = Debug|Any CPU
		Release|Any CPU = Release|Any CPU
	EndGlobalSection
	GlobalSection(ProjectConfigurationPlatforms) = postSolution
		{B97C7018-2721-4FC7-8B70-3D5C57A1ECDE}.Debug|Any CPU.ActiveCfg = Debug|Any CPU
		{B97C7018-2721-4FC7-8B70-3D5C57A1ECDE}.Debug|Any CPU.Build.0 = Debug|Any CPU
		{B97C7018-2721-4FC7-8B70-3D5C57A1ECDE}.Release|Any CPU.ActiveCfg = Release|Any CPU
		{B97C7018-2721-4FC7-8B70-3D5C57A1ECDE}.Release|Any CPU.Build.0 = Release|Any CPU
		{B44B7F0E-88B0-4353-AD9B-9DD8DF524825}.Debug|Any CPU.ActiveCfg = Debug|Any CPU
		{B44B7F0E-88B0-4353-AD9B-9DD8DF524825}.Debug|Any CPU.Build.0 = Debug|Any CPU
		{B44B7F0E-88B0-4353-AD9B-9DD8DF524825}.Release|Any CPU.ActiveCfg = Release|Any CPU
		{B44B7F0E-88B0-4353-AD9B-9DD8DF524825}.Release|Any CPU.Build.0 = Release|Any CPU
		{987BDEA1-3678-47C0-A755-B1B2DD0E5876}.Debug|Any CPU.ActiveCfg = Debug|Any CPU
		{987BDEA1-3678-47C0-A755-B1B2DD0E5876}.Debug|Any CPU.Build.0 = Debug|Any CPU
		{987BDEA1-3678-47C0-A755-B1B2DD0E5876}.Release|Any CPU.ActiveCfg = Release|Any CPU
		{987BDEA1-3678-47C0-A755-B1B2DD0E5876}.Release|Any CPU.Build.0 = Release|Any CPU
		{A239DD78-1BE3-41A5-A31C-8013B85F8CC9}.Debug|Any CPU.ActiveCfg = Debug|Any CPU
		{A239DD78-1BE3-41A5-A31C-8013B85F8CC9}.Debug|Any CPU.Build.0 = Debug|Any CPU
		{A239DD78-1BE3-41A5-A31C-8013B85F8CC9}.Release|Any CPU.ActiveCfg = Release|Any CPU
		{A239DD78-1BE3-41A5-A31C-8013B85F8CC9}.Release|Any CPU.Build.0 = Release|Any CPU
		{333AAACF-63DA-47CA-B01E-9236C8359947}.Debug|Any CPU.ActiveCfg = Debug|Any CPU
		{333AAACF-63DA-47CA-B01E-9236C8359947}.Debug|Any CPU.Build.0 = Debug|Any CPU
		{333AAACF-63DA-47CA-B01E-9236C8359947}.Release|Any CPU.ActiveCfg = Release|Any CPU
		{333AAACF-63DA-47CA-B01E-9236C8359947}.Release|Any CPU.Build.0 = Release|Any CPU
		{A877EB7C-961A-483A-8497-C1BFEBE956CC}.Debug|Any CPU.ActiveCfg = Debug|Any CPU
		{A877EB7C-961A-483A-8497-C1BFEBE956CC}.Debug|Any CPU.Build.0 = Debug|Any CPU
		{A877EB7C-961A-483A-8497-C1BFEBE956CC}.Release|Any CPU.ActiveCfg = Release|Any CPU
		{A877EB7C-961A-483A-8497-C1BFEBE956CC}.Release|Any CPU.Build.0 = Release|Any CPU
		{65E7A1DA-D0BF-4A08-8EB6-3F50DE07B03D}.Debug|Any CPU.ActiveCfg = Debug|Any CPU
		{65E7A1DA-D0BF-4A08-8EB6-3F50DE07B03D}.Debug|Any CPU.Build.0 = Debug|Any CPU
		{65E7A1DA-D0BF-4A08-8EB6-3F50DE07B03D}.Release|Any CPU.ActiveCfg = Release|Any CPU
		{65E7A1DA-D0BF-4A08-8EB6-3F50DE07B03D}.Release|Any CPU.Build.0 = Release|Any CPU
		{7B6116BE-7272-4C52-B7D9-3A2F8E13CD90}.Debug|Any CPU.ActiveCfg = Debug|Any CPU
		{7B6116BE-7272-4C52-B7D9-3A2F8E13CD90}.Debug|Any CPU.Build.0 = Debug|Any CPU
		{7B6116BE-7272-4C52-B7D9-3A2F8E13CD90}.Release|Any CPU.ActiveCfg = Release|Any CPU
		{7B6116BE-7272-4C52-B7D9-3A2F8E13CD90}.Release|Any CPU.Build.0 = Release|Any CPU
		{D49238EC-4D1F-4ACD-86E3-FD11B046BAE3}.Debug|Any CPU.ActiveCfg = Debug|Any CPU
		{D49238EC-4D1F-4ACD-86E3-FD11B046BAE3}.Debug|Any CPU.Build.0 = Debug|Any CPU
		{D49238EC-4D1F-4ACD-86E3-FD11B046BAE3}.Release|Any CPU.ActiveCfg = Release|Any CPU
		{D49238EC-4D1F-4ACD-86E3-FD11B046BAE3}.Release|Any CPU.Build.0 = Release|Any CPU
		{0DD0834A-C15E-48E9-8946-E82582CBA7D4}.Debug|Any CPU.ActiveCfg = Debug|Any CPU
		{0DD0834A-C15E-48E9-8946-E82582CBA7D4}.Debug|Any CPU.Build.0 = Debug|Any CPU
		{0DD0834A-C15E-48E9-8946-E82582CBA7D4}.Release|Any CPU.ActiveCfg = Release|Any CPU
		{0DD0834A-C15E-48E9-8946-E82582CBA7D4}.Release|Any CPU.Build.0 = Release|Any CPU
		{49D788EB-2CED-4B62-AA29-57D1A148207D}.Debug|Any CPU.ActiveCfg = Debug|Any CPU
		{49D788EB-2CED-4B62-AA29-57D1A148207D}.Debug|Any CPU.Build.0 = Debug|Any CPU
		{49D788EB-2CED-4B62-AA29-57D1A148207D}.Release|Any CPU.ActiveCfg = Release|Any CPU
		{49D788EB-2CED-4B62-AA29-57D1A148207D}.Release|Any CPU.Build.0 = Release|Any CPU
		{243E871E-5986-4AEC-B164-56B28C44F5E2}.Debug|Any CPU.ActiveCfg = Debug|Any CPU
		{243E871E-5986-4AEC-B164-56B28C44F5E2}.Debug|Any CPU.Build.0 = Debug|Any CPU
		{243E871E-5986-4AEC-B164-56B28C44F5E2}.Release|Any CPU.ActiveCfg = Release|Any CPU
		{243E871E-5986-4AEC-B164-56B28C44F5E2}.Release|Any CPU.Build.0 = Release|Any CPU
		{20883293-CCA2-4274-895A-4EB8CCE9F28A}.Debug|Any CPU.ActiveCfg = Debug|Any CPU
		{20883293-CCA2-4274-895A-4EB8CCE9F28A}.Debug|Any CPU.Build.0 = Debug|Any CPU
		{20883293-CCA2-4274-895A-4EB8CCE9F28A}.Release|Any CPU.ActiveCfg = Release|Any CPU
		{20883293-CCA2-4274-895A-4EB8CCE9F28A}.Release|Any CPU.Build.0 = Release|Any CPU
		{8D7358F1-97C7-426A-9A1A-80728354DFA1}.Debug|Any CPU.ActiveCfg = Debug|Any CPU
		{8D7358F1-97C7-426A-9A1A-80728354DFA1}.Debug|Any CPU.Build.0 = Debug|Any CPU
		{8D7358F1-97C7-426A-9A1A-80728354DFA1}.Release|Any CPU.ActiveCfg = Release|Any CPU
		{8D7358F1-97C7-426A-9A1A-80728354DFA1}.Release|Any CPU.Build.0 = Release|Any CPU
	EndGlobalSection
	GlobalSection(SolutionProperties) = preSolution
		HideSolutionNode = FALSE
	EndGlobalSection
EndGlobal
