
Microsoft Visual Studio Solution File, Format Version 12.00
# Visual Studio 2013
VisualStudioVersion = 12.0.21005.1
MinimumVisualStudioVersion = 10.0.40219.1
Project("{FAE04EC0-301F-11D3-BF4B-00C04F79EFBC}") = "01.CompareAndExchangeValues", "01.CompareAndExchangeValues\01.CompareAndExchangeValues.csproj", "{87FD2554-ACE8-4543-B078-A08E3161D799}"
EndProject
Project("{FAE04EC0-301F-11D3-BF4B-00C04F79EFBC}") = "02.SignOfProduct", "02.SignOfProduct\02.SignOfProduct.csproj", "{5E8ED909-0CA4-4663-A414-EB6F1808CFC2}"
EndProject
Project("{FAE04EC0-301F-11D3-BF4B-00C04F79EFBC}") = "03.FindBiggestOfThreeNums", "03.FindBiggestOfThreeNums\03.FindBiggestOfThreeNums.csproj", "{117C69D3-292B-46AC-9643-E42E8B949867}"
EndProject
Project("{FAE04EC0-301F-11D3-BF4B-00C04F79EFBC}") = "04.SortThreeValues", "04.SortThreeValues\04.SortThreeValues.csproj", "{E9F736FD-BED3-4656-B24D-09FC1CDBB6B8}"
EndProject
Project("{FAE04EC0-301F-11D3-BF4B-00C04F79EFBC}") = "05.ShowDigitName", "05.ShowDigitName\05.ShowDigitName.csproj", "{60DB59E1-725E-40E1-BFC0-FBBBEFD7DFD8}"
EndProject
Project("{FAE04EC0-301F-11D3-BF4B-00C04F79EFBC}") = "06.QuadraticEquation", "06.QuadraticEquation\06.QuadraticEquation.csproj", "{8EF7C469-DBA8-410A-ACC3-475F67687600}"
EndProject
Project("{FAE04EC0-301F-11D3-BF4B-00C04F79EFBC}") = "07.FindBiggestOfFiveNums", "07.FindBiggestOfFiveNums\07.FindBiggestOfFiveNums.csproj", "{B7F5A2C2-9537-4F61-AFC9-153098AFAE5E}"
EndProject
Project("{FAE04EC0-301F-11D3-BF4B-00C04F79EFBC}") = "08.FindVariableType", "08.FindVariableType\08.FindVariableType.csproj", "{C8000DBA-6099-4CD4-98F8-A05FDA3E7B58}"
EndProject
Project("{FAE04EC0-301F-11D3-BF4B-00C04F79EFBC}") = "08.FindVariableType.Solution2", "08.FindVariableType.Solution2\08.FindVariableType.Solution2.csproj", "{4984F084-5B58-423B-AB44-44EAE5346637}"
EndProject
Project("{FAE04EC0-301F-11D3-BF4B-00C04F79EFBC}") = "09.CheckIfSubsetIs0", "09.CheckIfSubsetIs0\09.CheckIfSubsetIs0.csproj", "{23A5FBD4-6C9E-481F-9BE6-ACC7DABA967B}"
EndProject
Project("{FAE04EC0-301F-11D3-BF4B-00C04F79EFBC}") = "10.BonusToScore", "10.BonusToScore\10.BonusToScore.csproj", "{38C506F5-69A4-47FF-B76D-8A2BDAE00FFD}"
EndProject
Project("{FAE04EC0-301F-11D3-BF4B-00C04F79EFBC}") = "11.ConvertNumberToText", "11.ConvertNumberToText\11.ConvertNumberToText.csproj", "{C9CD59B4-F552-4369-A7E3-7BE9106CF4B3}"
EndProject
Global
	GlobalSection(SolutionConfigurationPlatforms) = preSolution
		Debug|Any CPU = Debug|Any CPU
		Release|Any CPU = Release|Any CPU
	EndGlobalSection
	GlobalSection(ProjectConfigurationPlatforms) = postSolution
		{87FD2554-ACE8-4543-B078-A08E3161D799}.Debug|Any CPU.ActiveCfg = Debug|Any CPU
		{87FD2554-ACE8-4543-B078-A08E3161D799}.Debug|Any CPU.Build.0 = Debug|Any CPU
		{87FD2554-ACE8-4543-B078-A08E3161D799}.Release|Any CPU.ActiveCfg = Release|Any CPU
		{87FD2554-ACE8-4543-B078-A08E3161D799}.Release|Any CPU.Build.0 = Release|Any CPU
		{5E8ED909-0CA4-4663-A414-EB6F1808CFC2}.Debug|Any CPU.ActiveCfg = Debug|Any CPU
		{5E8ED909-0CA4-4663-A414-EB6F1808CFC2}.Debug|Any CPU.Build.0 = Debug|Any CPU
		{5E8ED909-0CA4-4663-A414-EB6F1808CFC2}.Release|Any CPU.ActiveCfg = Release|Any CPU
		{5E8ED909-0CA4-4663-A414-EB6F1808CFC2}.Release|Any CPU.Build.0 = Release|Any CPU
		{117C69D3-292B-46AC-9643-E42E8B949867}.Debug|Any CPU.ActiveCfg = Debug|Any CPU
		{117C69D3-292B-46AC-9643-E42E8B949867}.Debug|Any CPU.Build.0 = Debug|Any CPU
		{117C69D3-292B-46AC-9643-E42E8B949867}.Release|Any CPU.ActiveCfg = Release|Any CPU
		{117C69D3-292B-46AC-9643-E42E8B949867}.Release|Any CPU.Build.0 = Release|Any CPU
		{E9F736FD-BED3-4656-B24D-09FC1CDBB6B8}.Debug|Any CPU.ActiveCfg = Debug|Any CPU
		{E9F736FD-BED3-4656-B24D-09FC1CDBB6B8}.Debug|Any CPU.Build.0 = Debug|Any CPU
		{E9F736FD-BED3-4656-B24D-09FC1CDBB6B8}.Release|Any CPU.ActiveCfg = Release|Any CPU
		{E9F736FD-BED3-4656-B24D-09FC1CDBB6B8}.Release|Any CPU.Build.0 = Release|Any CPU
		{60DB59E1-725E-40E1-BFC0-FBBBEFD7DFD8}.Debug|Any CPU.ActiveCfg = Debug|Any CPU
		{60DB59E1-725E-40E1-BFC0-FBBBEFD7DFD8}.Debug|Any CPU.Build.0 = Debug|Any CPU
		{60DB59E1-725E-40E1-BFC0-FBBBEFD7DFD8}.Release|Any CPU.ActiveCfg = Release|Any CPU
		{60DB59E1-725E-40E1-BFC0-FBBBEFD7DFD8}.Release|Any CPU.Build.0 = Release|Any CPU
		{8EF7C469-DBA8-410A-ACC3-475F67687600}.Debug|Any CPU.ActiveCfg = Debug|Any CPU
		{8EF7C469-DBA8-410A-ACC3-475F67687600}.Debug|Any CPU.Build.0 = Debug|Any CPU
		{8EF7C469-DBA8-410A-ACC3-475F67687600}.Release|Any CPU.ActiveCfg = Release|Any CPU
		{8EF7C469-DBA8-410A-ACC3-475F67687600}.Release|Any CPU.Build.0 = Release|Any CPU
		{B7F5A2C2-9537-4F61-AFC9-153098AFAE5E}.Debug|Any CPU.ActiveCfg = Debug|Any CPU
		{B7F5A2C2-9537-4F61-AFC9-153098AFAE5E}.Debug|Any CPU.Build.0 = Debug|Any CPU
		{B7F5A2C2-9537-4F61-AFC9-153098AFAE5E}.Release|Any CPU.ActiveCfg = Release|Any CPU
		{B7F5A2C2-9537-4F61-AFC9-153098AFAE5E}.Release|Any CPU.Build.0 = Release|Any CPU
		{C8000DBA-6099-4CD4-98F8-A05FDA3E7B58}.Debug|Any CPU.ActiveCfg = Debug|Any CPU
		{C8000DBA-6099-4CD4-98F8-A05FDA3E7B58}.Debug|Any CPU.Build.0 = Debug|Any CPU
		{C8000DBA-6099-4CD4-98F8-A05FDA3E7B58}.Release|Any CPU.ActiveCfg = Release|Any CPU
		{C8000DBA-6099-4CD4-98F8-A05FDA3E7B58}.Release|Any CPU.Build.0 = Release|Any CPU
		{4984F084-5B58-423B-AB44-44EAE5346637}.Debug|Any CPU.ActiveCfg = Debug|Any CPU
		{4984F084-5B58-423B-AB44-44EAE5346637}.Debug|Any CPU.Build.0 = Debug|Any CPU
		{4984F084-5B58-423B-AB44-44EAE5346637}.Release|Any CPU.ActiveCfg = Release|Any CPU
		{4984F084-5B58-423B-AB44-44EAE5346637}.Release|Any CPU.Build.0 = Release|Any CPU
		{23A5FBD4-6C9E-481F-9BE6-ACC7DABA967B}.Debug|Any CPU.ActiveCfg = Debug|Any CPU
		{23A5FBD4-6C9E-481F-9BE6-ACC7DABA967B}.Debug|Any CPU.Build.0 = Debug|Any CPU
		{23A5FBD4-6C9E-481F-9BE6-ACC7DABA967B}.Release|Any CPU.ActiveCfg = Release|Any CPU
		{23A5FBD4-6C9E-481F-9BE6-ACC7DABA967B}.Release|Any CPU.Build.0 = Release|Any CPU
		{38C506F5-69A4-47FF-B76D-8A2BDAE00FFD}.Debug|Any CPU.ActiveCfg = Debug|Any CPU
		{38C506F5-69A4-47FF-B76D-8A2BDAE00FFD}.Debug|Any CPU.Build.0 = Debug|Any CPU
		{38C506F5-69A4-47FF-B76D-8A2BDAE00FFD}.Release|Any CPU.ActiveCfg = Release|Any CPU
		{38C506F5-69A4-47FF-B76D-8A2BDAE00FFD}.Release|Any CPU.Build.0 = Release|Any CPU
		{C9CD59B4-F552-4369-A7E3-7BE9106CF4B3}.Debug|Any CPU.ActiveCfg = Debug|Any CPU
		{C9CD59B4-F552-4369-A7E3-7BE9106CF4B3}.Debug|Any CPU.Build.0 = Debug|Any CPU
		{C9CD59B4-F552-4369-A7E3-7BE9106CF4B3}.Release|Any CPU.ActiveCfg = Release|Any CPU
		{C9CD59B4-F552-4369-A7E3-7BE9106CF4B3}.Release|Any CPU.Build.0 = Release|Any CPU
	EndGlobalSection
	GlobalSection(SolutionProperties) = preSolution
		HideSolutionNode = FALSE
	EndGlobalSection
EndGlobal
