
Microsoft Visual Studio Solution File, Format Version 12.00
# Visual Studio 2013
VisualStudioVersion = 12.0.30110.0
MinimumVisualStudioVersion = 10.0.40219.1
Project("{FAE04EC0-301F-11D3-BF4B-00C04F79EFBC}") = "Task-1", "Task-1\Task-1.csproj", "{BBAB2550-3427-4329-AEF9-E6A10F35482E}"
EndProject
Project("{FAE04EC0-301F-11D3-BF4B-00C04F79EFBC}") = "Task-2", "Task-2\Task-2.csproj", "{4CA0F9AF-1DE7-4C0C-9E02-4D404D941794}"
EndProject
Project("{FAE04EC0-301F-11D3-BF4B-00C04F79EFBC}") = "Task-3", "Task-3\Task-3.csproj", "{3C86A44A-6857-4F80-9B0E-50D668E5D357}"
EndProject
Global
	GlobalSection(SolutionConfigurationPlatforms) = preSolution
		Debug|Any CPU = Debug|Any CPU
		Release|Any CPU = Release|Any CPU
	EndGlobalSection
	GlobalSection(ProjectConfigurationPlatforms) = postSolution
		{BBAB2550-3427-4329-AEF9-E6A10F35482E}.Debug|Any CPU.ActiveCfg = Debug|Any CPU
		{BBAB2550-3427-4329-AEF9-E6A10F35482E}.Debug|Any CPU.Build.0 = Debug|Any CPU
		{BBAB2550-3427-4329-AEF9-E6A10F35482E}.Release|Any CPU.ActiveCfg = Release|Any CPU
		{BBAB2550-3427-4329-AEF9-E6A10F35482E}.Release|Any CPU.Build.0 = Release|Any CPU
		{4CA0F9AF-1DE7-4C0C-9E02-4D404D941794}.Debug|Any CPU.ActiveCfg = Debug|Any CPU
		{4CA0F9AF-1DE7-4C0C-9E02-4D404D941794}.Debug|Any CPU.Build.0 = Debug|Any CPU
		{4CA0F9AF-1DE7-4C0C-9E02-4D404D941794}.Release|Any CPU.ActiveCfg = Release|Any CPU
		{4CA0F9AF-1DE7-4C0C-9E02-4D404D941794}.Release|Any CPU.Build.0 = Release|Any CPU
		{3C86A44A-6857-4F80-9B0E-50D668E5D357}.Debug|Any CPU.ActiveCfg = Debug|Any CPU
		{3C86A44A-6857-4F80-9B0E-50D668E5D357}.Debug|Any CPU.Build.0 = Debug|Any CPU
		{3C86A44A-6857-4F80-9B0E-50D668E5D357}.Release|Any CPU.ActiveCfg = Release|Any CPU
		{3C86A44A-6857-4F80-9B0E-50D668E5D357}.Release|Any CPU.Build.0 = Release|Any CPU
	EndGlobalSection
	GlobalSection(SolutionProperties) = preSolution
		HideSolutionNode = FALSE
	EndGlobalSection
EndGlobal
