
Microsoft Visual Studio Solution File, Format Version 12.00
# Visual Studio 2013
VisualStudioVersion = 12.0.30110.0
MinimumVisualStudioVersion = 10.0.40219.1
Project("{FAE04EC0-301F-11D3-BF4B-00C04F79EFBC}") = "01.Kitchen", "01.Kitchen\01.Kitchen.csproj", "{C651936A-8CFE-4786-9281-577F45B651EF}"
EndProject
Project("{FAE04EC0-301F-11D3-BF4B-00C04F79EFBC}") = "02.RefactorIfStatements", "02.RefactorIfStatements\02.RefactorIfStatements.csproj", "{1A2414E9-C086-49EE-8B7E-9B81718479DD}"
EndProject
Project("{FAE04EC0-301F-11D3-BF4B-00C04F79EFBC}") = "03.RefactorLoop", "03.RefactorLoop\03.RefactorLoop.csproj", "{E37F72B6-4398-4E16-B006-A0BA37A2B85B}"
EndProject
Global
	GlobalSection(SolutionConfigurationPlatforms) = preSolution
		Debug|Any CPU = Debug|Any CPU
		Release|Any CPU = Release|Any CPU
	EndGlobalSection
	GlobalSection(ProjectConfigurationPlatforms) = postSolution
		{C651936A-8CFE-4786-9281-577F45B651EF}.Debug|Any CPU.ActiveCfg = Debug|Any CPU
		{C651936A-8CFE-4786-9281-577F45B651EF}.Debug|Any CPU.Build.0 = Debug|Any CPU
		{C651936A-8CFE-4786-9281-577F45B651EF}.Release|Any CPU.ActiveCfg = Release|Any CPU
		{C651936A-8CFE-4786-9281-577F45B651EF}.Release|Any CPU.Build.0 = Release|Any CPU
		{1A2414E9-C086-49EE-8B7E-9B81718479DD}.Debug|Any CPU.ActiveCfg = Debug|Any CPU
		{1A2414E9-C086-49EE-8B7E-9B81718479DD}.Debug|Any CPU.Build.0 = Debug|Any CPU
		{1A2414E9-C086-49EE-8B7E-9B81718479DD}.Release|Any CPU.ActiveCfg = Release|Any CPU
		{1A2414E9-C086-49EE-8B7E-9B81718479DD}.Release|Any CPU.Build.0 = Release|Any CPU
		{E37F72B6-4398-4E16-B006-A0BA37A2B85B}.Debug|Any CPU.ActiveCfg = Debug|Any CPU
		{E37F72B6-4398-4E16-B006-A0BA37A2B85B}.Debug|Any CPU.Build.0 = Debug|Any CPU
		{E37F72B6-4398-4E16-B006-A0BA37A2B85B}.Release|Any CPU.ActiveCfg = Release|Any CPU
		{E37F72B6-4398-4E16-B006-A0BA37A2B85B}.Release|Any CPU.Build.0 = Release|Any CPU
	EndGlobalSection
	GlobalSection(SolutionProperties) = preSolution
		HideSolutionNode = FALSE
	EndGlobalSection
EndGlobal
