
Microsoft Visual Studio Solution File, Format Version 12.00
# Visual Studio 2013
VisualStudioVersion = 12.0.30110.0
MinimumVisualStudioVersion = 10.0.40219.1
Project("{FAE04EC0-301F-11D3-BF4B-00C04F79EFBC}") = "SchoolHierarchy.Common", "SchoolHierarchy.Common\SchoolHierarchy.Common.csproj", "{265EDA25-452A-4B7A-8799-C07F88AD06A4}"
EndProject
Project("{FAE04EC0-301F-11D3-BF4B-00C04F79EFBC}") = "SchoolTest", "SchoolTest\SchoolTest.csproj", "{249C17AA-1332-48A7-9AC2-F0B235E32B57}"
EndProject
Global
	GlobalSection(SolutionConfigurationPlatforms) = preSolution
		Debug|Any CPU = Debug|Any CPU
		Release|Any CPU = Release|Any CPU
	EndGlobalSection
	GlobalSection(ProjectConfigurationPlatforms) = postSolution
		{265EDA25-452A-4B7A-8799-C07F88AD06A4}.Debug|Any CPU.ActiveCfg = Debug|Any CPU
		{265EDA25-452A-4B7A-8799-C07F88AD06A4}.Debug|Any CPU.Build.0 = Debug|Any CPU
		{265EDA25-452A-4B7A-8799-C07F88AD06A4}.Release|Any CPU.ActiveCfg = Release|Any CPU
		{265EDA25-452A-4B7A-8799-C07F88AD06A4}.Release|Any CPU.Build.0 = Release|Any CPU
		{249C17AA-1332-48A7-9AC2-F0B235E32B57}.Debug|Any CPU.ActiveCfg = Debug|Any CPU
		{249C17AA-1332-48A7-9AC2-F0B235E32B57}.Debug|Any CPU.Build.0 = Debug|Any CPU
		{249C17AA-1332-48A7-9AC2-F0B235E32B57}.Release|Any CPU.ActiveCfg = Release|Any CPU
		{249C17AA-1332-48A7-9AC2-F0B235E32B57}.Release|Any CPU.Build.0 = Release|Any CPU
	EndGlobalSection
	GlobalSection(SolutionProperties) = preSolution
		HideSolutionNode = FALSE
	EndGlobalSection
EndGlobal
