
Microsoft Visual Studio Solution File, Format Version 12.00
# Visual Studio 2013
VisualStudioVersion = 12.0.30110.0
MinimumVisualStudioVersion = 10.0.40219.1
Project("{FAE04EC0-301F-11D3-BF4B-00C04F79EFBC}") = "GSMTest", "GSMTest\GSMTest.csproj", "{5B5A77AA-9802-4737-AB9F-72D79CE08FBA}"
EndProject
Project("{FAE04EC0-301F-11D3-BF4B-00C04F79EFBC}") = "MobilePhone.Common", "MobilePhone.Common\MobilePhone.Common.csproj", "{9DF89E1C-548D-440C-AF4B-5207920F8CAA}"
EndProject
Project("{FAE04EC0-301F-11D3-BF4B-00C04F79EFBC}") = "CallHistoryTest", "CallHistoryTest\CallHistoryTest.csproj", "{B458A81D-12F3-48D5-AA77-CEAE33932885}"
EndProject
Project("{2150E333-8FDC-42A3-9474-1A3956D46DE8}") = "Solution Items", "Solution Items", "{5A4F8E6C-3427-4451-A7A3-6740DAA62DC2}"
	ProjectSection(SolutionItems) = preProject
		TaskDescription.txt = TaskDescription.txt
	EndProjectSection
EndProject
Global
	GlobalSection(SolutionConfigurationPlatforms) = preSolution
		Debug|Any CPU = Debug|Any CPU
		Release|Any CPU = Release|Any CPU
	EndGlobalSection
	GlobalSection(ProjectConfigurationPlatforms) = postSolution
		{5B5A77AA-9802-4737-AB9F-72D79CE08FBA}.Debug|Any CPU.ActiveCfg = Debug|Any CPU
		{5B5A77AA-9802-4737-AB9F-72D79CE08FBA}.Debug|Any CPU.Build.0 = Debug|Any CPU
		{5B5A77AA-9802-4737-AB9F-72D79CE08FBA}.Release|Any CPU.ActiveCfg = Release|Any CPU
		{5B5A77AA-9802-4737-AB9F-72D79CE08FBA}.Release|Any CPU.Build.0 = Release|Any CPU
		{9DF89E1C-548D-440C-AF4B-5207920F8CAA}.Debug|Any CPU.ActiveCfg = Debug|Any CPU
		{9DF89E1C-548D-440C-AF4B-5207920F8CAA}.Debug|Any CPU.Build.0 = Debug|Any CPU
		{9DF89E1C-548D-440C-AF4B-5207920F8CAA}.Release|Any CPU.ActiveCfg = Release|Any CPU
		{9DF89E1C-548D-440C-AF4B-5207920F8CAA}.Release|Any CPU.Build.0 = Release|Any CPU
		{B458A81D-12F3-48D5-AA77-CEAE33932885}.Debug|Any CPU.ActiveCfg = Debug|Any CPU
		{B458A81D-12F3-48D5-AA77-CEAE33932885}.Debug|Any CPU.Build.0 = Debug|Any CPU
		{B458A81D-12F3-48D5-AA77-CEAE33932885}.Release|Any CPU.ActiveCfg = Release|Any CPU
		{B458A81D-12F3-48D5-AA77-CEAE33932885}.Release|Any CPU.Build.0 = Release|Any CPU
	EndGlobalSection
	GlobalSection(SolutionProperties) = preSolution
		HideSolutionNode = FALSE
	EndGlobalSection
EndGlobal
