
Microsoft Visual Studio Solution File, Format Version 12.00
# Visual Studio 2013
VisualStudioVersion = 12.0.21005.1
MinimumVisualStudioVersion = 10.0.40219.1
Project("{FAE04EC0-301F-11D3-BF4B-00C04F79EFBC}") = "01.3-6-9", "01.3-6-9\01.3-6-9.csproj", "{28A7F1EF-D158-44E3-BC59-25CA6110CAFB}"
EndProject
Project("{FAE04EC0-301F-11D3-BF4B-00C04F79EFBC}") = "03.XExpression", "03.XExpression\03.XExpression.csproj", "{600031ED-5D78-418B-B5FA-EAACE10436F3}"
EndProject
Project("{FAE04EC0-301F-11D3-BF4B-00C04F79EFBC}") = "04.DiamondTrolls", "04.DiamondTrolls\04.DiamondTrolls.csproj", "{C01B345C-C22B-4625-9FF4-672730B0150A}"
EndProject
Project("{FAE04EC0-301F-11D3-BF4B-00C04F79EFBC}") = "02.TheHorror", "02.TheHorror\02.TheHorror.csproj", "{5E7C4998-B74B-4E9F-8C0D-00EC6C1947FC}"
EndProject
Project("{FAE04EC0-301F-11D3-BF4B-00C04F79EFBC}") = "05.Warhead", "05.Warhead\05.Warhead.csproj", "{99143D84-983E-41FB-9823-A5525A6C714C}"
EndProject
Global
	GlobalSection(SolutionConfigurationPlatforms) = preSolution
		Debug|Any CPU = Debug|Any CPU
		Release|Any CPU = Release|Any CPU
	EndGlobalSection
	GlobalSection(ProjectConfigurationPlatforms) = postSolution
		{28A7F1EF-D158-44E3-BC59-25CA6110CAFB}.Debug|Any CPU.ActiveCfg = Debug|Any CPU
		{28A7F1EF-D158-44E3-BC59-25CA6110CAFB}.Debug|Any CPU.Build.0 = Debug|Any CPU
		{28A7F1EF-D158-44E3-BC59-25CA6110CAFB}.Release|Any CPU.ActiveCfg = Release|Any CPU
		{28A7F1EF-D158-44E3-BC59-25CA6110CAFB}.Release|Any CPU.Build.0 = Release|Any CPU
		{600031ED-5D78-418B-B5FA-EAACE10436F3}.Debug|Any CPU.ActiveCfg = Debug|Any CPU
		{600031ED-5D78-418B-B5FA-EAACE10436F3}.Debug|Any CPU.Build.0 = Debug|Any CPU
		{600031ED-5D78-418B-B5FA-EAACE10436F3}.Release|Any CPU.ActiveCfg = Release|Any CPU
		{600031ED-5D78-418B-B5FA-EAACE10436F3}.Release|Any CPU.Build.0 = Release|Any CPU
		{C01B345C-C22B-4625-9FF4-672730B0150A}.Debug|Any CPU.ActiveCfg = Debug|Any CPU
		{C01B345C-C22B-4625-9FF4-672730B0150A}.Debug|Any CPU.Build.0 = Debug|Any CPU
		{C01B345C-C22B-4625-9FF4-672730B0150A}.Release|Any CPU.ActiveCfg = Release|Any CPU
		{C01B345C-C22B-4625-9FF4-672730B0150A}.Release|Any CPU.Build.0 = Release|Any CPU
		{5E7C4998-B74B-4E9F-8C0D-00EC6C1947FC}.Debug|Any CPU.ActiveCfg = Debug|Any CPU
		{5E7C4998-B74B-4E9F-8C0D-00EC6C1947FC}.Debug|Any CPU.Build.0 = Debug|Any CPU
		{5E7C4998-B74B-4E9F-8C0D-00EC6C1947FC}.Release|Any CPU.ActiveCfg = Release|Any CPU
		{5E7C4998-B74B-4E9F-8C0D-00EC6C1947FC}.Release|Any CPU.Build.0 = Release|Any CPU
		{99143D84-983E-41FB-9823-A5525A6C714C}.Debug|Any CPU.ActiveCfg = Debug|Any CPU
		{99143D84-983E-41FB-9823-A5525A6C714C}.Debug|Any CPU.Build.0 = Debug|Any CPU
		{99143D84-983E-41FB-9823-A5525A6C714C}.Release|Any CPU.ActiveCfg = Release|Any CPU
		{99143D84-983E-41FB-9823-A5525A6C714C}.Release|Any CPU.Build.0 = Release|Any CPU
	EndGlobalSection
	GlobalSection(SolutionProperties) = preSolution
		HideSolutionNode = FALSE
	EndGlobalSection
EndGlobal
