
Microsoft Visual Studio Solution File, Format Version 12.00
# Visual Studio 2013
VisualStudioVersion = 12.0.21005.1
MinimumVisualStudioVersion = 10.0.40219.1
Project("{FAE04EC0-301F-11D3-BF4B-00C04F79EFBC}") = "OddNumber", "OddNumber\OddNumber.csproj", "{F8F5F2C1-BACF-42BB-B845-0D84551A6324}"
EndProject
Project("{FAE04EC0-301F-11D3-BF4B-00C04F79EFBC}") = "OddNumberListT", "OddNumberListT\OddNumberListT.csproj", "{C6D39016-7A73-4F89-8967-A81C6D78B7FF}"
EndProject
Project("{FAE04EC0-301F-11D3-BF4B-00C04F79EFBC}") = "OddNumberBitwise", "OddNumberBitwise\OddNumberBitwise.csproj", "{358021F2-B4FD-4CFC-B327-60FAF8A6BA45}"
EndProject
Global
	GlobalSection(SolutionConfigurationPlatforms) = preSolution
		Debug|Any CPU = Debug|Any CPU
		Release|Any CPU = Release|Any CPU
	EndGlobalSection
	GlobalSection(ProjectConfigurationPlatforms) = postSolution
		{F8F5F2C1-BACF-42BB-B845-0D84551A6324}.Debug|Any CPU.ActiveCfg = Debug|Any CPU
		{F8F5F2C1-BACF-42BB-B845-0D84551A6324}.Debug|Any CPU.Build.0 = Debug|Any CPU
		{F8F5F2C1-BACF-42BB-B845-0D84551A6324}.Release|Any CPU.ActiveCfg = Release|Any CPU
		{F8F5F2C1-BACF-42BB-B845-0D84551A6324}.Release|Any CPU.Build.0 = Release|Any CPU
		{C6D39016-7A73-4F89-8967-A81C6D78B7FF}.Debug|Any CPU.ActiveCfg = Debug|Any CPU
		{C6D39016-7A73-4F89-8967-A81C6D78B7FF}.Debug|Any CPU.Build.0 = Debug|Any CPU
		{C6D39016-7A73-4F89-8967-A81C6D78B7FF}.Release|Any CPU.ActiveCfg = Release|Any CPU
		{C6D39016-7A73-4F89-8967-A81C6D78B7FF}.Release|Any CPU.Build.0 = Release|Any CPU
		{358021F2-B4FD-4CFC-B327-60FAF8A6BA45}.Debug|Any CPU.ActiveCfg = Debug|Any CPU
		{358021F2-B4FD-4CFC-B327-60FAF8A6BA45}.Debug|Any CPU.Build.0 = Debug|Any CPU
		{358021F2-B4FD-4CFC-B327-60FAF8A6BA45}.Release|Any CPU.ActiveCfg = Release|Any CPU
		{358021F2-B4FD-4CFC-B327-60FAF8A6BA45}.Release|Any CPU.Build.0 = Release|Any CPU
	EndGlobalSection
	GlobalSection(SolutionProperties) = preSolution
		HideSolutionNode = FALSE
	EndGlobalSection
EndGlobal
