
Microsoft Visual Studio Solution File, Format Version 12.00
# Visual Studio 2013
VisualStudioVersion = 12.0.21005.1
MinimumVisualStudioVersion = 10.0.40219.1
Project("{FAE04EC0-301F-11D3-BF4B-00C04F79EFBC}") = "01.DeclareVariables", "01.DeclareVariables\01.DeclareVariables.csproj", "{16EB1423-F4D9-4C4B-A195-F2C72FEEA0FE}"
EndProject
Project("{FAE04EC0-301F-11D3-BF4B-00C04F79EFBC}") = "02.AssignFloatDouble", "02.AssignFloatDouble\02.AssignFloatDouble.csproj", "{58A9ADB6-1E8D-41CE-B4F6-2D017685562F}"
EndProject
Project("{FAE04EC0-301F-11D3-BF4B-00C04F79EFBC}") = "03.CompareFloats", "03.CompareFloats\03.CompareFloats.csproj", "{DD477190-E3DE-44A7-85D4-F863E78CB85A}"
EndProject
Project("{FAE04EC0-301F-11D3-BF4B-00C04F79EFBC}") = "04.HexadecimalFormat", "04.HexadecimalFormat\04.HexadecimalFormat.csproj", "{08F4B578-A138-4F73-8269-93D58B6317F6}"
EndProject
Project("{FAE04EC0-301F-11D3-BF4B-00C04F79EFBC}") = "05.AssignChar", "05.AssignChar\05.AssignChar.csproj", "{2D12AD98-6E82-4B8D-9925-36C39AEF65D9}"
EndProject
Project("{FAE04EC0-301F-11D3-BF4B-00C04F79EFBC}") = "06.AssignBool", "06.AssignBool\06.AssignBool.csproj", "{0F70B167-106B-4A8A-8024-77D7A6E1CFCC}"
EndProject
Project("{FAE04EC0-301F-11D3-BF4B-00C04F79EFBC}") = "07.AssignVariables", "07.AssignVariables\07.AssignVariables.csproj", "{AF431634-445C-4A0A-9A8D-C729D785AD2D}"
EndProject
Project("{FAE04EC0-301F-11D3-BF4B-00C04F79EFBC}") = "08.AssignStrings", "08.AssignStrings\08.AssignStrings.csproj", "{D5A67016-09A3-4B14-B77B-64B151B595DE}"
EndProject
Project("{FAE04EC0-301F-11D3-BF4B-00C04F79EFBC}") = "09.CopyrightTriangle", "09.CopyrightTriangle\09.CopyrightTriangle.csproj", "{4248E954-FF64-417E-BE09-69F42C7B0695}"
EndProject
Project("{FAE04EC0-301F-11D3-BF4B-00C04F79EFBC}") = "10.MarketingFirm", "10.MarketingFirm\10.MarketingFirm.csproj", "{5A5C9CD2-BB05-4FB5-AE69-86FF32EBD504}"
EndProject
Project("{FAE04EC0-301F-11D3-BF4B-00C04F79EFBC}") = "11.ExchangeValues", "11.ExchangeValues\11.ExchangeValues.csproj", "{83F67A9D-65D0-47D1-A848-2BD6B8350BA4}"
EndProject
Project("{FAE04EC0-301F-11D3-BF4B-00C04F79EFBC}") = "12.PrintASCII", "12.PrintASCII\12.PrintASCII.csproj", "{C660D405-65EF-47B2-9622-8DC2416B1CB1}"
EndProject
Project("{FAE04EC0-301F-11D3-BF4B-00C04F79EFBC}") = "13.AssignNullValue", "13.AssignNullValue\13.AssignNullValue.csproj", "{C29F46C6-D828-4C3F-991F-CC8A068CE141}"
EndProject
Project("{FAE04EC0-301F-11D3-BF4B-00C04F79EFBC}") = "14.BankAccount", "14.BankAccount\14.BankAccount.csproj", "{CDBEDB95-970A-44B9-BE73-DF5A3925D02B}"
EndProject
Global
	GlobalSection(SolutionConfigurationPlatforms) = preSolution
		Debug|Any CPU = Debug|Any CPU
		Release|Any CPU = Release|Any CPU
	EndGlobalSection
	GlobalSection(ProjectConfigurationPlatforms) = postSolution
		{16EB1423-F4D9-4C4B-A195-F2C72FEEA0FE}.Debug|Any CPU.ActiveCfg = Debug|Any CPU
		{16EB1423-F4D9-4C4B-A195-F2C72FEEA0FE}.Debug|Any CPU.Build.0 = Debug|Any CPU
		{16EB1423-F4D9-4C4B-A195-F2C72FEEA0FE}.Release|Any CPU.ActiveCfg = Release|Any CPU
		{16EB1423-F4D9-4C4B-A195-F2C72FEEA0FE}.Release|Any CPU.Build.0 = Release|Any CPU
		{58A9ADB6-1E8D-41CE-B4F6-2D017685562F}.Debug|Any CPU.ActiveCfg = Debug|Any CPU
		{58A9ADB6-1E8D-41CE-B4F6-2D017685562F}.Debug|Any CPU.Build.0 = Debug|Any CPU
		{58A9ADB6-1E8D-41CE-B4F6-2D017685562F}.Release|Any CPU.ActiveCfg = Release|Any CPU
		{58A9ADB6-1E8D-41CE-B4F6-2D017685562F}.Release|Any CPU.Build.0 = Release|Any CPU
		{DD477190-E3DE-44A7-85D4-F863E78CB85A}.Debug|Any CPU.ActiveCfg = Debug|Any CPU
		{DD477190-E3DE-44A7-85D4-F863E78CB85A}.Debug|Any CPU.Build.0 = Debug|Any CPU
		{DD477190-E3DE-44A7-85D4-F863E78CB85A}.Release|Any CPU.ActiveCfg = Release|Any CPU
		{DD477190-E3DE-44A7-85D4-F863E78CB85A}.Release|Any CPU.Build.0 = Release|Any CPU
		{08F4B578-A138-4F73-8269-93D58B6317F6}.Debug|Any CPU.ActiveCfg = Debug|Any CPU
		{08F4B578-A138-4F73-8269-93D58B6317F6}.Debug|Any CPU.Build.0 = Debug|Any CPU
		{08F4B578-A138-4F73-8269-93D58B6317F6}.Release|Any CPU.ActiveCfg = Release|Any CPU
		{08F4B578-A138-4F73-8269-93D58B6317F6}.Release|Any CPU.Build.0 = Release|Any CPU
		{2D12AD98-6E82-4B8D-9925-36C39AEF65D9}.Debug|Any CPU.ActiveCfg = Debug|Any CPU
		{2D12AD98-6E82-4B8D-9925-36C39AEF65D9}.Debug|Any CPU.Build.0 = Debug|Any CPU
		{2D12AD98-6E82-4B8D-9925-36C39AEF65D9}.Release|Any CPU.ActiveCfg = Release|Any CPU
		{2D12AD98-6E82-4B8D-9925-36C39AEF65D9}.Release|Any CPU.Build.0 = Release|Any CPU
		{0F70B167-106B-4A8A-8024-77D7A6E1CFCC}.Debug|Any CPU.ActiveCfg = Debug|Any CPU
		{0F70B167-106B-4A8A-8024-77D7A6E1CFCC}.Debug|Any CPU.Build.0 = Debug|Any CPU
		{0F70B167-106B-4A8A-8024-77D7A6E1CFCC}.Release|Any CPU.ActiveCfg = Release|Any CPU
		{0F70B167-106B-4A8A-8024-77D7A6E1CFCC}.Release|Any CPU.Build.0 = Release|Any CPU
		{AF431634-445C-4A0A-9A8D-C729D785AD2D}.Debug|Any CPU.ActiveCfg = Debug|Any CPU
		{AF431634-445C-4A0A-9A8D-C729D785AD2D}.Debug|Any CPU.Build.0 = Debug|Any CPU
		{AF431634-445C-4A0A-9A8D-C729D785AD2D}.Release|Any CPU.ActiveCfg = Release|Any CPU
		{AF431634-445C-4A0A-9A8D-C729D785AD2D}.Release|Any CPU.Build.0 = Release|Any CPU
		{D5A67016-09A3-4B14-B77B-64B151B595DE}.Debug|Any CPU.ActiveCfg = Debug|Any CPU
		{D5A67016-09A3-4B14-B77B-64B151B595DE}.Debug|Any CPU.Build.0 = Debug|Any CPU
		{D5A67016-09A3-4B14-B77B-64B151B595DE}.Release|Any CPU.ActiveCfg = Release|Any CPU
		{D5A67016-09A3-4B14-B77B-64B151B595DE}.Release|Any CPU.Build.0 = Release|Any CPU
		{4248E954-FF64-417E-BE09-69F42C7B0695}.Debug|Any CPU.ActiveCfg = Debug|Any CPU
		{4248E954-FF64-417E-BE09-69F42C7B0695}.Debug|Any CPU.Build.0 = Debug|Any CPU
		{4248E954-FF64-417E-BE09-69F42C7B0695}.Release|Any CPU.ActiveCfg = Release|Any CPU
		{4248E954-FF64-417E-BE09-69F42C7B0695}.Release|Any CPU.Build.0 = Release|Any CPU
		{5A5C9CD2-BB05-4FB5-AE69-86FF32EBD504}.Debug|Any CPU.ActiveCfg = Debug|Any CPU
		{5A5C9CD2-BB05-4FB5-AE69-86FF32EBD504}.Debug|Any CPU.Build.0 = Debug|Any CPU
		{5A5C9CD2-BB05-4FB5-AE69-86FF32EBD504}.Release|Any CPU.ActiveCfg = Release|Any CPU
		{5A5C9CD2-BB05-4FB5-AE69-86FF32EBD504}.Release|Any CPU.Build.0 = Release|Any CPU
		{83F67A9D-65D0-47D1-A848-2BD6B8350BA4}.Debug|Any CPU.ActiveCfg = Debug|Any CPU
		{83F67A9D-65D0-47D1-A848-2BD6B8350BA4}.Debug|Any CPU.Build.0 = Debug|Any CPU
		{83F67A9D-65D0-47D1-A848-2BD6B8350BA4}.Release|Any CPU.ActiveCfg = Release|Any CPU
		{83F67A9D-65D0-47D1-A848-2BD6B8350BA4}.Release|Any CPU.Build.0 = Release|Any CPU
		{C660D405-65EF-47B2-9622-8DC2416B1CB1}.Debug|Any CPU.ActiveCfg = Debug|Any CPU
		{C660D405-65EF-47B2-9622-8DC2416B1CB1}.Debug|Any CPU.Build.0 = Debug|Any CPU
		{C660D405-65EF-47B2-9622-8DC2416B1CB1}.Release|Any CPU.ActiveCfg = Release|Any CPU
		{C660D405-65EF-47B2-9622-8DC2416B1CB1}.Release|Any CPU.Build.0 = Release|Any CPU
		{C29F46C6-D828-4C3F-991F-CC8A068CE141}.Debug|Any CPU.ActiveCfg = Debug|Any CPU
		{C29F46C6-D828-4C3F-991F-CC8A068CE141}.Debug|Any CPU.Build.0 = Debug|Any CPU
		{C29F46C6-D828-4C3F-991F-CC8A068CE141}.Release|Any CPU.ActiveCfg = Release|Any CPU
		{C29F46C6-D828-4C3F-991F-CC8A068CE141}.Release|Any CPU.Build.0 = Release|Any CPU
		{CDBEDB95-970A-44B9-BE73-DF5A3925D02B}.Debug|Any CPU.ActiveCfg = Debug|Any CPU
		{CDBEDB95-970A-44B9-BE73-DF5A3925D02B}.Debug|Any CPU.Build.0 = Debug|Any CPU
		{CDBEDB95-970A-44B9-BE73-DF5A3925D02B}.Release|Any CPU.ActiveCfg = Release|Any CPU
		{CDBEDB95-970A-44B9-BE73-DF5A3925D02B}.Release|Any CPU.Build.0 = Release|Any CPU
	EndGlobalSection
	GlobalSection(SolutionProperties) = preSolution
		HideSolutionNode = FALSE
	EndGlobalSection
EndGlobal
