
Microsoft Visual Studio Solution File, Format Version 12.00
# Visual Studio 2013
VisualStudioVersion = 12.0.21005.1
MinimumVisualStudioVersion = 10.0.40219.1
Project("{FAE04EC0-301F-11D3-BF4B-00C04F79EFBC}") = "3DStars", "3DStars\3DStars.csproj", "{79908720-68B4-4DCE-A95D-0E6473A80589}"
EndProject
Global
	GlobalSection(SolutionConfigurationPlatforms) = preSolution
		Debug|Any CPU = Debug|Any CPU
		Release|Any CPU = Release|Any CPU
	EndGlobalSection
	GlobalSection(ProjectConfigurationPlatforms) = postSolution
		{79908720-68B4-4DCE-A95D-0E6473A80589}.Debug|Any CPU.ActiveCfg = Debug|Any CPU
		{79908720-68B4-4DCE-A95D-0E6473A80589}.Debug|Any CPU.Build.0 = Debug|Any CPU
		{79908720-68B4-4DCE-A95D-0E6473A80589}.Release|Any CPU.ActiveCfg = Release|Any CPU
		{79908720-68B4-4DCE-A95D-0E6473A80589}.Release|Any CPU.Build.0 = Release|Any CPU
	EndGlobalSection
	GlobalSection(SolutionProperties) = preSolution
		HideSolutionNode = FALSE
	EndGlobalSection
EndGlobal
