
Microsoft Visual Studio Solution File, Format Version 12.00
# Visual Studio 2013
VisualStudioVersion = 12.0.21005.1
MinimumVisualStudioVersion = 10.0.40219.1
Project("{FAE04EC0-301F-11D3-BF4B-00C04F79EFBC}") = "02.PrintReversedString", "02.PrintReversedString\02.PrintReversedString.csproj", "{AF7760A4-F9F2-4C93-BC6E-6A7C609F92CF}"
EndProject
Project("{FAE04EC0-301F-11D3-BF4B-00C04F79EFBC}") = "03.CheckBrackets", "03.CheckBrackets\03.CheckBrackets.csproj", "{F563F9E8-178B-4455-9794-B570B7B01DCD}"
EndProject
Project("{FAE04EC0-301F-11D3-BF4B-00C04F79EFBC}") = "04.CountSubstrings", "04.CountSubstrings\04.CountSubstrings.csproj", "{D38526BC-1F2B-4ABE-82E7-F3DCA5A8D3A3}"
EndProject
Project("{FAE04EC0-301F-11D3-BF4B-00C04F79EFBC}") = "05.ConvertToUppercase", "05.ConvertToUppercase\05.ConvertToUppercase.csproj", "{28E7E51E-E9A4-45D0-AF84-D7B309EAB207}"
EndProject
Project("{FAE04EC0-301F-11D3-BF4B-00C04F79EFBC}") = "06.FixStringLength", "06.FixStringLength\06.FixStringLength.csproj", "{180C5226-54CB-424A-AC1C-2F162AF88E6C}"
EndProject
Project("{FAE04EC0-301F-11D3-BF4B-00C04F79EFBC}") = "07.EncodeDecodeString", "07.EncodeDecodeString\07.EncodeDecodeString.csproj", "{1CBF8DDD-30EC-4527-900F-AC7E3D0C8B30}"
EndProject
Project("{FAE04EC0-301F-11D3-BF4B-00C04F79EFBC}") = "08.ExtractSentences", "08.ExtractSentences\08.ExtractSentences.csproj", "{4742266C-CB92-40C4-BD14-AC5BE056856F}"
EndProject
Project("{FAE04EC0-301F-11D3-BF4B-00C04F79EFBC}") = "09.ForbiddenWords", "09.ForbiddenWords\09.ForbiddenWords.csproj", "{A2258CFB-4A7D-4A15-84D0-DA3F1C0EEBAE}"
EndProject
Project("{FAE04EC0-301F-11D3-BF4B-00C04F79EFBC}") = "10.UnicodeLiterals", "10.UnicodeLiterals\10.UnicodeLiterals.csproj", "{0C9D69D3-351D-4199-B8A6-6177F0D6E3E3}"
EndProject
Project("{FAE04EC0-301F-11D3-BF4B-00C04F79EFBC}") = "11.FormatNumber", "11.FormatNumber\11.FormatNumber.csproj", "{69D6730F-88F9-436E-A2CE-D05822084322}"
EndProject
Project("{FAE04EC0-301F-11D3-BF4B-00C04F79EFBC}") = "12.ParseURL", "12.ParseURL\12.ParseURL.csproj", "{A8956F14-77E2-4DCC-B087-9983ADE0BD44}"
EndProject
Project("{FAE04EC0-301F-11D3-BF4B-00C04F79EFBC}") = "13.ReverseWordsInSentece", "13.ReverseWordsInSentece\13.ReverseWordsInSentece.csproj", "{C52120D2-5BD1-4A6C-9698-B0ECF8699EDF}"
EndProject
Project("{FAE04EC0-301F-11D3-BF4B-00C04F79EFBC}") = "14.Dictionary", "14.Dictionary\14.Dictionary.csproj", "{5574CAEE-764F-4ED2-AAB8-56DF68122362}"
EndProject
Project("{FAE04EC0-301F-11D3-BF4B-00C04F79EFBC}") = "15.ReplaceTags", "15.ReplaceTags\15.ReplaceTags.csproj", "{3BCA467F-3580-4095-8080-BD640F546345}"
EndProject
Project("{FAE04EC0-301F-11D3-BF4B-00C04F79EFBC}") = "16.CalcTimespan", "16.CalcTimespan\16.CalcTimespan.csproj", "{FFB26FC8-423D-4B74-813A-0560B1556B7D}"
EndProject
Project("{FAE04EC0-301F-11D3-BF4B-00C04F79EFBC}") = "17.AddTime", "17.AddTime\17.AddTime.csproj", "{3825EFCC-CA06-492F-BDE4-4D67363F5AE4}"
EndProject
Project("{FAE04EC0-301F-11D3-BF4B-00C04F79EFBC}") = "18.ExtractEmailAdresses", "18.ExtractEmailAdresses\18.ExtractEmailAdresses.csproj", "{0F78198D-F063-43BE-A2DD-3C0F2D84C66A}"
EndProject
Project("{FAE04EC0-301F-11D3-BF4B-00C04F79EFBC}") = "19.ExtractDates", "19.ExtractDates\19.ExtractDates.csproj", "{93A25A2E-6093-4381-9A6F-223EA924812F}"
EndProject
Project("{FAE04EC0-301F-11D3-BF4B-00C04F79EFBC}") = "20.ExtractPalindromes", "20.ExtractPalindromes\20.ExtractPalindromes.csproj", "{2C2B80C5-3FDF-4E0E-8393-5B2184804F2C}"
EndProject
Project("{FAE04EC0-301F-11D3-BF4B-00C04F79EFBC}") = "21.ExtractLetters", "21.ExtractLetters\21.ExtractLetters.csproj", "{85B76F24-69C2-4586-B80C-3401F4EC6AB7}"
EndProject
Project("{FAE04EC0-301F-11D3-BF4B-00C04F79EFBC}") = "22.ExtractWords", "22.ExtractWords\22.ExtractWords.csproj", "{FC0F1E89-547A-4978-B86D-05E152AF62D4}"
EndProject
Project("{FAE04EC0-301F-11D3-BF4B-00C04F79EFBC}") = "23.ReplaceLetters", "23.ReplaceLetters\23.ReplaceLetters.csproj", "{94246819-0D18-485D-90A3-5F0F40D97C7E}"
EndProject
Project("{FAE04EC0-301F-11D3-BF4B-00C04F79EFBC}") = "24.OrderAlphabetically", "24.OrderAlphabetically\24.OrderAlphabetically.csproj", "{ECA95024-ADFE-4B23-A9CF-D512EF015539}"
EndProject
Project("{FAE04EC0-301F-11D3-BF4B-00C04F79EFBC}") = "25.ExtractTextFromHTML", "25.ExtractTextFromHTML\25.ExtractTextFromHTML.csproj", "{DFEF53CF-1F77-4E94-89DE-3A622D532C6C}"
EndProject
Global
	GlobalSection(SolutionConfigurationPlatforms) = preSolution
		Debug|Any CPU = Debug|Any CPU
		Release|Any CPU = Release|Any CPU
	EndGlobalSection
	GlobalSection(ProjectConfigurationPlatforms) = postSolution
		{AF7760A4-F9F2-4C93-BC6E-6A7C609F92CF}.Debug|Any CPU.ActiveCfg = Debug|Any CPU
		{AF7760A4-F9F2-4C93-BC6E-6A7C609F92CF}.Debug|Any CPU.Build.0 = Debug|Any CPU
		{AF7760A4-F9F2-4C93-BC6E-6A7C609F92CF}.Release|Any CPU.ActiveCfg = Release|Any CPU
		{AF7760A4-F9F2-4C93-BC6E-6A7C609F92CF}.Release|Any CPU.Build.0 = Release|Any CPU
		{F563F9E8-178B-4455-9794-B570B7B01DCD}.Debug|Any CPU.ActiveCfg = Debug|Any CPU
		{F563F9E8-178B-4455-9794-B570B7B01DCD}.Debug|Any CPU.Build.0 = Debug|Any CPU
		{F563F9E8-178B-4455-9794-B570B7B01DCD}.Release|Any CPU.ActiveCfg = Release|Any CPU
		{F563F9E8-178B-4455-9794-B570B7B01DCD}.Release|Any CPU.Build.0 = Release|Any CPU
		{D38526BC-1F2B-4ABE-82E7-F3DCA5A8D3A3}.Debug|Any CPU.ActiveCfg = Debug|Any CPU
		{D38526BC-1F2B-4ABE-82E7-F3DCA5A8D3A3}.Debug|Any CPU.Build.0 = Debug|Any CPU
		{D38526BC-1F2B-4ABE-82E7-F3DCA5A8D3A3}.Release|Any CPU.ActiveCfg = Release|Any CPU
		{D38526BC-1F2B-4ABE-82E7-F3DCA5A8D3A3}.Release|Any CPU.Build.0 = Release|Any CPU
		{28E7E51E-E9A4-45D0-AF84-D7B309EAB207}.Debug|Any CPU.ActiveCfg = Debug|Any CPU
		{28E7E51E-E9A4-45D0-AF84-D7B309EAB207}.Debug|Any CPU.Build.0 = Debug|Any CPU
		{28E7E51E-E9A4-45D0-AF84-D7B309EAB207}.Release|Any CPU.ActiveCfg = Release|Any CPU
		{28E7E51E-E9A4-45D0-AF84-D7B309EAB207}.Release|Any CPU.Build.0 = Release|Any CPU
		{180C5226-54CB-424A-AC1C-2F162AF88E6C}.Debug|Any CPU.ActiveCfg = Debug|Any CPU
		{180C5226-54CB-424A-AC1C-2F162AF88E6C}.Debug|Any CPU.Build.0 = Debug|Any CPU
		{180C5226-54CB-424A-AC1C-2F162AF88E6C}.Release|Any CPU.ActiveCfg = Release|Any CPU
		{180C5226-54CB-424A-AC1C-2F162AF88E6C}.Release|Any CPU.Build.0 = Release|Any CPU
		{1CBF8DDD-30EC-4527-900F-AC7E3D0C8B30}.Debug|Any CPU.ActiveCfg = Debug|Any CPU
		{1CBF8DDD-30EC-4527-900F-AC7E3D0C8B30}.Debug|Any CPU.Build.0 = Debug|Any CPU
		{1CBF8DDD-30EC-4527-900F-AC7E3D0C8B30}.Release|Any CPU.ActiveCfg = Release|Any CPU
		{1CBF8DDD-30EC-4527-900F-AC7E3D0C8B30}.Release|Any CPU.Build.0 = Release|Any CPU
		{4742266C-CB92-40C4-BD14-AC5BE056856F}.Debug|Any CPU.ActiveCfg = Debug|Any CPU
		{4742266C-CB92-40C4-BD14-AC5BE056856F}.Debug|Any CPU.Build.0 = Debug|Any CPU
		{4742266C-CB92-40C4-BD14-AC5BE056856F}.Release|Any CPU.ActiveCfg = Release|Any CPU
		{4742266C-CB92-40C4-BD14-AC5BE056856F}.Release|Any CPU.Build.0 = Release|Any CPU
		{A2258CFB-4A7D-4A15-84D0-DA3F1C0EEBAE}.Debug|Any CPU.ActiveCfg = Debug|Any CPU
		{A2258CFB-4A7D-4A15-84D0-DA3F1C0EEBAE}.Debug|Any CPU.Build.0 = Debug|Any CPU
		{A2258CFB-4A7D-4A15-84D0-DA3F1C0EEBAE}.Release|Any CPU.ActiveCfg = Release|Any CPU
		{A2258CFB-4A7D-4A15-84D0-DA3F1C0EEBAE}.Release|Any CPU.Build.0 = Release|Any CPU
		{0C9D69D3-351D-4199-B8A6-6177F0D6E3E3}.Debug|Any CPU.ActiveCfg = Debug|Any CPU
		{0C9D69D3-351D-4199-B8A6-6177F0D6E3E3}.Debug|Any CPU.Build.0 = Debug|Any CPU
		{0C9D69D3-351D-4199-B8A6-6177F0D6E3E3}.Release|Any CPU.ActiveCfg = Release|Any CPU
		{0C9D69D3-351D-4199-B8A6-6177F0D6E3E3}.Release|Any CPU.Build.0 = Release|Any CPU
		{69D6730F-88F9-436E-A2CE-D05822084322}.Debug|Any CPU.ActiveCfg = Debug|Any CPU
		{69D6730F-88F9-436E-A2CE-D05822084322}.Debug|Any CPU.Build.0 = Debug|Any CPU
		{69D6730F-88F9-436E-A2CE-D05822084322}.Release|Any CPU.ActiveCfg = Release|Any CPU
		{69D6730F-88F9-436E-A2CE-D05822084322}.Release|Any CPU.Build.0 = Release|Any CPU
		{A8956F14-77E2-4DCC-B087-9983ADE0BD44}.Debug|Any CPU.ActiveCfg = Debug|Any CPU
		{A8956F14-77E2-4DCC-B087-9983ADE0BD44}.Debug|Any CPU.Build.0 = Debug|Any CPU
		{A8956F14-77E2-4DCC-B087-9983ADE0BD44}.Release|Any CPU.ActiveCfg = Release|Any CPU
		{A8956F14-77E2-4DCC-B087-9983ADE0BD44}.Release|Any CPU.Build.0 = Release|Any CPU
		{C52120D2-5BD1-4A6C-9698-B0ECF8699EDF}.Debug|Any CPU.ActiveCfg = Debug|Any CPU
		{C52120D2-5BD1-4A6C-9698-B0ECF8699EDF}.Debug|Any CPU.Build.0 = Debug|Any CPU
		{C52120D2-5BD1-4A6C-9698-B0ECF8699EDF}.Release|Any CPU.ActiveCfg = Release|Any CPU
		{C52120D2-5BD1-4A6C-9698-B0ECF8699EDF}.Release|Any CPU.Build.0 = Release|Any CPU
		{5574CAEE-764F-4ED2-AAB8-56DF68122362}.Debug|Any CPU.ActiveCfg = Debug|Any CPU
		{5574CAEE-764F-4ED2-AAB8-56DF68122362}.Debug|Any CPU.Build.0 = Debug|Any CPU
		{5574CAEE-764F-4ED2-AAB8-56DF68122362}.Release|Any CPU.ActiveCfg = Release|Any CPU
		{5574CAEE-764F-4ED2-AAB8-56DF68122362}.Release|Any CPU.Build.0 = Release|Any CPU
		{3BCA467F-3580-4095-8080-BD640F546345}.Debug|Any CPU.ActiveCfg = Debug|Any CPU
		{3BCA467F-3580-4095-8080-BD640F546345}.Debug|Any CPU.Build.0 = Debug|Any CPU
		{3BCA467F-3580-4095-8080-BD640F546345}.Release|Any CPU.ActiveCfg = Release|Any CPU
		{3BCA467F-3580-4095-8080-BD640F546345}.Release|Any CPU.Build.0 = Release|Any CPU
		{FFB26FC8-423D-4B74-813A-0560B1556B7D}.Debug|Any CPU.ActiveCfg = Debug|Any CPU
		{FFB26FC8-423D-4B74-813A-0560B1556B7D}.Debug|Any CPU.Build.0 = Debug|Any CPU
		{FFB26FC8-423D-4B74-813A-0560B1556B7D}.Release|Any CPU.ActiveCfg = Release|Any CPU
		{FFB26FC8-423D-4B74-813A-0560B1556B7D}.Release|Any CPU.Build.0 = Release|Any CPU
		{3825EFCC-CA06-492F-BDE4-4D67363F5AE4}.Debug|Any CPU.ActiveCfg = Debug|Any CPU
		{3825EFCC-CA06-492F-BDE4-4D67363F5AE4}.Debug|Any CPU.Build.0 = Debug|Any CPU
		{3825EFCC-CA06-492F-BDE4-4D67363F5AE4}.Release|Any CPU.ActiveCfg = Release|Any CPU
		{3825EFCC-CA06-492F-BDE4-4D67363F5AE4}.Release|Any CPU.Build.0 = Release|Any CPU
		{0F78198D-F063-43BE-A2DD-3C0F2D84C66A}.Debug|Any CPU.ActiveCfg = Debug|Any CPU
		{0F78198D-F063-43BE-A2DD-3C0F2D84C66A}.Debug|Any CPU.Build.0 = Debug|Any CPU
		{0F78198D-F063-43BE-A2DD-3C0F2D84C66A}.Release|Any CPU.ActiveCfg = Release|Any CPU
		{0F78198D-F063-43BE-A2DD-3C0F2D84C66A}.Release|Any CPU.Build.0 = Release|Any CPU
		{93A25A2E-6093-4381-9A6F-223EA924812F}.Debug|Any CPU.ActiveCfg = Debug|Any CPU
		{93A25A2E-6093-4381-9A6F-223EA924812F}.Debug|Any CPU.Build.0 = Debug|Any CPU
		{93A25A2E-6093-4381-9A6F-223EA924812F}.Release|Any CPU.ActiveCfg = Release|Any CPU
		{93A25A2E-6093-4381-9A6F-223EA924812F}.Release|Any CPU.Build.0 = Release|Any CPU
		{2C2B80C5-3FDF-4E0E-8393-5B2184804F2C}.Debug|Any CPU.ActiveCfg = Debug|Any CPU
		{2C2B80C5-3FDF-4E0E-8393-5B2184804F2C}.Debug|Any CPU.Build.0 = Debug|Any CPU
		{2C2B80C5-3FDF-4E0E-8393-5B2184804F2C}.Release|Any CPU.ActiveCfg = Release|Any CPU
		{2C2B80C5-3FDF-4E0E-8393-5B2184804F2C}.Release|Any CPU.Build.0 = Release|Any CPU
		{85B76F24-69C2-4586-B80C-3401F4EC6AB7}.Debug|Any CPU.ActiveCfg = Debug|Any CPU
		{85B76F24-69C2-4586-B80C-3401F4EC6AB7}.Debug|Any CPU.Build.0 = Debug|Any CPU
		{85B76F24-69C2-4586-B80C-3401F4EC6AB7}.Release|Any CPU.ActiveCfg = Release|Any CPU
		{85B76F24-69C2-4586-B80C-3401F4EC6AB7}.Release|Any CPU.Build.0 = Release|Any CPU
		{FC0F1E89-547A-4978-B86D-05E152AF62D4}.Debug|Any CPU.ActiveCfg = Debug|Any CPU
		{FC0F1E89-547A-4978-B86D-05E152AF62D4}.Debug|Any CPU.Build.0 = Debug|Any CPU
		{FC0F1E89-547A-4978-B86D-05E152AF62D4}.Release|Any CPU.ActiveCfg = Release|Any CPU
		{FC0F1E89-547A-4978-B86D-05E152AF62D4}.Release|Any CPU.Build.0 = Release|Any CPU
		{94246819-0D18-485D-90A3-5F0F40D97C7E}.Debug|Any CPU.ActiveCfg = Debug|Any CPU
		{94246819-0D18-485D-90A3-5F0F40D97C7E}.Debug|Any CPU.Build.0 = Debug|Any CPU
		{94246819-0D18-485D-90A3-5F0F40D97C7E}.Release|Any CPU.ActiveCfg = Release|Any CPU
		{94246819-0D18-485D-90A3-5F0F40D97C7E}.Release|Any CPU.Build.0 = Release|Any CPU
		{ECA95024-ADFE-4B23-A9CF-D512EF015539}.Debug|Any CPU.ActiveCfg = Debug|Any CPU
		{ECA95024-ADFE-4B23-A9CF-D512EF015539}.Debug|Any CPU.Build.0 = Debug|Any CPU
		{ECA95024-ADFE-4B23-A9CF-D512EF015539}.Release|Any CPU.ActiveCfg = Release|Any CPU
		{ECA95024-ADFE-4B23-A9CF-D512EF015539}.Release|Any CPU.Build.0 = Release|Any CPU
		{DFEF53CF-1F77-4E94-89DE-3A622D532C6C}.Debug|Any CPU.ActiveCfg = Debug|Any CPU
		{DFEF53CF-1F77-4E94-89DE-3A622D532C6C}.Debug|Any CPU.Build.0 = Debug|Any CPU
		{DFEF53CF-1F77-4E94-89DE-3A622D532C6C}.Release|Any CPU.ActiveCfg = Release|Any CPU
		{DFEF53CF-1F77-4E94-89DE-3A622D532C6C}.Release|Any CPU.Build.0 = Release|Any CPU
	EndGlobalSection
	GlobalSection(SolutionProperties) = preSolution
		HideSolutionNode = FALSE
	EndGlobalSection
EndGlobal
