
Microsoft Visual Studio Solution File, Format Version 12.00
# Visual Studio 2013
VisualStudioVersion = 12.0.21005.1
MinimumVisualStudioVersion = 10.0.40219.1
Project("{FAE04EC0-301F-11D3-BF4B-00C04F79EFBC}") = "01.PrintOddLines", "01.PrintOddLines\01.PrintOddLines.csproj", "{F20EE642-675E-42A5-8111-4F49A25185BA}"
EndProject
Project("{FAE04EC0-301F-11D3-BF4B-00C04F79EFBC}") = "02.ConcatTextFiles", "02.ConcatTextFiles\02.ConcatTextFiles.csproj", "{0049DA4B-6883-46A3-A7B3-81996B94013E}"
EndProject
Project("{FAE04EC0-301F-11D3-BF4B-00C04F79EFBC}") = "03.LineNumbers", "03.LineNumbers\03.LineNumbers.csproj", "{3DC6D3E6-0E91-4A81-9CEA-3A70E071F532}"
EndProject
Project("{FAE04EC0-301F-11D3-BF4B-00C04F79EFBC}") = "04.CompareText Files", "04.CompareText Files\04.CompareText Files.csproj", "{B824CE8E-0414-427D-B68D-E4EE38B8CB0C}"
EndProject
Project("{FAE04EC0-301F-11D3-BF4B-00C04F79EFBC}") = "05.MaxPlatform", "05.MaxPlatform\05.MaxPlatform.csproj", "{F878AA1C-1C97-49D4-8F94-34D3DEEC0CB1}"
EndProject
Project("{FAE04EC0-301F-11D3-BF4B-00C04F79EFBC}") = "06.SortedStrings", "06.SortedStrings\06.SortedStrings.csproj", "{F6707A4C-740B-4F10-BDD7-075B1AC5DAB5}"
EndProject
Project("{FAE04EC0-301F-11D3-BF4B-00C04F79EFBC}") = "07.ReplaceSubstring", "07.ReplaceSubstring\07.ReplaceSubstring.csproj", "{1DF00620-DF0B-43BF-A6E0-4DD164A84E41}"
EndProject
Project("{FAE04EC0-301F-11D3-BF4B-00C04F79EFBC}") = "08.ReplaceSubstringModified", "08.ReplaceSubstringModified\08.ReplaceSubstringModified.csproj", "{A8D6DF84-BE02-4187-91C7-425A125D743D}"
EndProject
Project("{FAE04EC0-301F-11D3-BF4B-00C04F79EFBC}") = "09.DeleteOddLines", "09.DeleteOddLines\09.DeleteOddLines.csproj", "{7ED33451-7516-4EA0-A9DA-708B8F4A098F}"
EndProject
Project("{FAE04EC0-301F-11D3-BF4B-00C04F79EFBC}") = "10.ExtractTextFromXML", "10.ExtractTextFromXML\10.ExtractTextFromXML.csproj", "{879AB7E1-2EAF-43B8-81C1-17E71E72E921}"
EndProject
Project("{FAE04EC0-301F-11D3-BF4B-00C04F79EFBC}") = "11.DeleteWords", "11.DeleteWords\11.DeleteWords.csproj", "{D697CF04-7323-4ECF-AA1B-779B3727A634}"
EndProject
Project("{FAE04EC0-301F-11D3-BF4B-00C04F79EFBC}") = "12.DeleteWords2", "12.DeleteWords2\12.DeleteWords2.csproj", "{EB5BD541-1C5D-48DB-A19B-45C23585D8C2}"
EndProject
Project("{FAE04EC0-301F-11D3-BF4B-00C04F79EFBC}") = "13.WordsCount", "13.WordsCount\13.WordsCount.csproj", "{5D792015-FD6F-48EE-94B0-743B2C519082}"
EndProject
Global
	GlobalSection(SolutionConfigurationPlatforms) = preSolution
		Debug|Any CPU = Debug|Any CPU
		Release|Any CPU = Release|Any CPU
	EndGlobalSection
	GlobalSection(ProjectConfigurationPlatforms) = postSolution
		{F20EE642-675E-42A5-8111-4F49A25185BA}.Debug|Any CPU.ActiveCfg = Debug|Any CPU
		{F20EE642-675E-42A5-8111-4F49A25185BA}.Debug|Any CPU.Build.0 = Debug|Any CPU
		{F20EE642-675E-42A5-8111-4F49A25185BA}.Release|Any CPU.ActiveCfg = Release|Any CPU
		{F20EE642-675E-42A5-8111-4F49A25185BA}.Release|Any CPU.Build.0 = Release|Any CPU
		{0049DA4B-6883-46A3-A7B3-81996B94013E}.Debug|Any CPU.ActiveCfg = Debug|Any CPU
		{0049DA4B-6883-46A3-A7B3-81996B94013E}.Debug|Any CPU.Build.0 = Debug|Any CPU
		{0049DA4B-6883-46A3-A7B3-81996B94013E}.Release|Any CPU.ActiveCfg = Release|Any CPU
		{0049DA4B-6883-46A3-A7B3-81996B94013E}.Release|Any CPU.Build.0 = Release|Any CPU
		{3DC6D3E6-0E91-4A81-9CEA-3A70E071F532}.Debug|Any CPU.ActiveCfg = Debug|Any CPU
		{3DC6D3E6-0E91-4A81-9CEA-3A70E071F532}.Debug|Any CPU.Build.0 = Debug|Any CPU
		{3DC6D3E6-0E91-4A81-9CEA-3A70E071F532}.Release|Any CPU.ActiveCfg = Release|Any CPU
		{3DC6D3E6-0E91-4A81-9CEA-3A70E071F532}.Release|Any CPU.Build.0 = Release|Any CPU
		{B824CE8E-0414-427D-B68D-E4EE38B8CB0C}.Debug|Any CPU.ActiveCfg = Debug|Any CPU
		{B824CE8E-0414-427D-B68D-E4EE38B8CB0C}.Debug|Any CPU.Build.0 = Debug|Any CPU
		{B824CE8E-0414-427D-B68D-E4EE38B8CB0C}.Release|Any CPU.ActiveCfg = Release|Any CPU
		{B824CE8E-0414-427D-B68D-E4EE38B8CB0C}.Release|Any CPU.Build.0 = Release|Any CPU
		{F878AA1C-1C97-49D4-8F94-34D3DEEC0CB1}.Debug|Any CPU.ActiveCfg = Debug|Any CPU
		{F878AA1C-1C97-49D4-8F94-34D3DEEC0CB1}.Debug|Any CPU.Build.0 = Debug|Any CPU
		{F878AA1C-1C97-49D4-8F94-34D3DEEC0CB1}.Release|Any CPU.ActiveCfg = Release|Any CPU
		{F878AA1C-1C97-49D4-8F94-34D3DEEC0CB1}.Release|Any CPU.Build.0 = Release|Any CPU
		{F6707A4C-740B-4F10-BDD7-075B1AC5DAB5}.Debug|Any CPU.ActiveCfg = Debug|Any CPU
		{F6707A4C-740B-4F10-BDD7-075B1AC5DAB5}.Debug|Any CPU.Build.0 = Debug|Any CPU
		{F6707A4C-740B-4F10-BDD7-075B1AC5DAB5}.Release|Any CPU.ActiveCfg = Release|Any CPU
		{F6707A4C-740B-4F10-BDD7-075B1AC5DAB5}.Release|Any CPU.Build.0 = Release|Any CPU
		{1DF00620-DF0B-43BF-A6E0-4DD164A84E41}.Debug|Any CPU.ActiveCfg = Debug|Any CPU
		{1DF00620-DF0B-43BF-A6E0-4DD164A84E41}.Debug|Any CPU.Build.0 = Debug|Any CPU
		{1DF00620-DF0B-43BF-A6E0-4DD164A84E41}.Release|Any CPU.ActiveCfg = Release|Any CPU
		{1DF00620-DF0B-43BF-A6E0-4DD164A84E41}.Release|Any CPU.Build.0 = Release|Any CPU
		{A8D6DF84-BE02-4187-91C7-425A125D743D}.Debug|Any CPU.ActiveCfg = Debug|Any CPU
		{A8D6DF84-BE02-4187-91C7-425A125D743D}.Debug|Any CPU.Build.0 = Debug|Any CPU
		{A8D6DF84-BE02-4187-91C7-425A125D743D}.Release|Any CPU.ActiveCfg = Release|Any CPU
		{A8D6DF84-BE02-4187-91C7-425A125D743D}.Release|Any CPU.Build.0 = Release|Any CPU
		{7ED33451-7516-4EA0-A9DA-708B8F4A098F}.Debug|Any CPU.ActiveCfg = Debug|Any CPU
		{7ED33451-7516-4EA0-A9DA-708B8F4A098F}.Debug|Any CPU.Build.0 = Debug|Any CPU
		{7ED33451-7516-4EA0-A9DA-708B8F4A098F}.Release|Any CPU.ActiveCfg = Release|Any CPU
		{7ED33451-7516-4EA0-A9DA-708B8F4A098F}.Release|Any CPU.Build.0 = Release|Any CPU
		{879AB7E1-2EAF-43B8-81C1-17E71E72E921}.Debug|Any CPU.ActiveCfg = Debug|Any CPU
		{879AB7E1-2EAF-43B8-81C1-17E71E72E921}.Debug|Any CPU.Build.0 = Debug|Any CPU
		{879AB7E1-2EAF-43B8-81C1-17E71E72E921}.Release|Any CPU.ActiveCfg = Release|Any CPU
		{879AB7E1-2EAF-43B8-81C1-17E71E72E921}.Release|Any CPU.Build.0 = Release|Any CPU
		{D697CF04-7323-4ECF-AA1B-779B3727A634}.Debug|Any CPU.ActiveCfg = Debug|Any CPU
		{D697CF04-7323-4ECF-AA1B-779B3727A634}.Debug|Any CPU.Build.0 = Debug|Any CPU
		{D697CF04-7323-4ECF-AA1B-779B3727A634}.Release|Any CPU.ActiveCfg = Release|Any CPU
		{D697CF04-7323-4ECF-AA1B-779B3727A634}.Release|Any CPU.Build.0 = Release|Any CPU
		{EB5BD541-1C5D-48DB-A19B-45C23585D8C2}.Debug|Any CPU.ActiveCfg = Debug|Any CPU
		{EB5BD541-1C5D-48DB-A19B-45C23585D8C2}.Debug|Any CPU.Build.0 = Debug|Any CPU
		{EB5BD541-1C5D-48DB-A19B-45C23585D8C2}.Release|Any CPU.ActiveCfg = Release|Any CPU
		{EB5BD541-1C5D-48DB-A19B-45C23585D8C2}.Release|Any CPU.Build.0 = Release|Any CPU
		{5D792015-FD6F-48EE-94B0-743B2C519082}.Debug|Any CPU.ActiveCfg = Debug|Any CPU
		{5D792015-FD6F-48EE-94B0-743B2C519082}.Debug|Any CPU.Build.0 = Debug|Any CPU
		{5D792015-FD6F-48EE-94B0-743B2C519082}.Release|Any CPU.ActiveCfg = Release|Any CPU
		{5D792015-FD6F-48EE-94B0-743B2C519082}.Release|Any CPU.Build.0 = Release|Any CPU
	EndGlobalSection
	GlobalSection(SolutionProperties) = preSolution
		HideSolutionNode = FALSE
	EndGlobalSection
EndGlobal
